
Microsoft Visual Studio Solution File, Format Version 11.00
# Visual Studio 2010
Project("{2150E333-8FDC-42A3-9474-1A3956D46DE8}") = "Framework", "Framework", "{2A050738-A3DF-4157-B6FC-B54DF2250EC4}"
EndProject
Project("{FAE04EC0-301F-11D3-BF4B-00C04F79EFBC}") = "Framework.Shared", "..\..\Framework\Shared\Framework.Shared.csproj", "{D50F8E00-4006-436A-8533-88209763DA3E}"
EndProject
Project("{FAE04EC0-301F-11D3-BF4B-00C04F79EFBC}") = "Wms.WebServices.ExternalInterface", "ExternalInterface\Wms.WebServices.ExternalInterface.csproj", "{74E6F26D-FE1E-441E-9300-9093793A9268}"
EndProject
Project("{E24C65DC-7377-472B-9ABA-BC803B73C61A}") = "WebSite", "WebSite\", "{03E51400-3B79-453F-AB03-419E4F443BC8}"
	ProjectSection(WebsiteProperties) = preProject
		SccProjectName = ""
		SccAuxPath = ""
		SccLocalPath = ""
		SccProvider = ""
		TargetFrameworkMoniker = ".NETFramework,Version%3Dv4.0"
		ProjectReferences = "{D50F8E00-4006-436A-8533-88209763DA3E}|Imi.Framework.Shared.dll;{74E6F26D-FE1E-441E-9300-9093793A9268}|Wms.WebServices.ExternalInterface.dll;{BBCF9DA2-8238-4CB2-A191-562FC9937DD1}|Imi.Framework.Job.dll;{A535D6FD-4373-4DC1-AA98-5D47CF0587AB}|Imi.Framework.Job.RemoteInterface.dll;{3536BFF6-DA06-4D96-A7D6-5146A235430B}|Imi.Framework.Versioning.dll;"
		Debug.AspNetCompiler.VirtualPath = "/WebSite"
		Debug.AspNetCompiler.PhysicalPath = "WebSite\"
		Debug.AspNetCompiler.TargetPath = "PrecompiledWeb\WebSite\"
		Debug.AspNetCompiler.Updateable = "true"
		Debug.AspNetCompiler.ForceOverwrite = "true"
		Debug.AspNetCompiler.FixedNames = "false"
		Debug.AspNetCompiler.Debug = "True"
		Release.AspNetCompiler.VirtualPath = "/WebSite"
		Release.AspNetCompiler.PhysicalPath = "WebSite\"
		Release.AspNetCompiler.TargetPath = "PrecompiledWeb\WebSite\"
		Release.AspNetCompiler.Updateable = "true"
		Release.AspNetCompiler.ForceOverwrite = "true"
		Release.AspNetCompiler.FixedNames = "false"
		Release.AspNetCompiler.Debug = "False"
		VWDPort = "4546"
	EndProjectSection
EndProject
Project("{FAE04EC0-301F-11D3-BF4B-00C04F79EFBC}") = "Wms.WebServices.ExternalInterfaceRMS", "ExternalInterfaceRMS\Wms.WebServices.ExternalInterfaceRMS.csproj", "{AB08064E-381F-44F6-8573-CF4FB88F5F9F}"
EndProject
Project("{FAE04EC0-301F-11D3-BF4B-00C04F79EFBC}") = "Framework.Job", "..\..\Framework\Job\Framework.Job.csproj", "{BBCF9DA2-8238-4CB2-A191-562FC9937DD1}"
EndProject
Project("{FAE04EC0-301F-11D3-BF4B-00C04F79EFBC}") = "Framework.Job.RemoteInterface", "..\..\Framework\Job\RemoteInterface\Framework.Job.RemoteInterface.csproj", "{A535D6FD-4373-4DC1-AA98-5D47CF0587AB}"
EndProject
Project("{E24C65DC-7377-472B-9ABA-BC803B73C61A}") = "WebSiteRMS", "WebSiteRMS\", "{2AF086AD-D5D7-4A3A-80F9-D2BE148020B5}"
	ProjectSection(WebsiteProperties) = preProject
		SccProjectName = ""
		SccAuxPath = ""
		SccLocalPath = ""
		SccProvider = ""
		TargetFrameworkMoniker = ".NETFramework,Version%3Dv4.0"
		ProjectReferences = "{BBCF9DA2-8238-4CB2-A191-562FC9937DD1}|Imi.Framework.Job.dll;{AB08064E-381F-44F6-8573-CF4FB88F5F9F}|Wms.WebServices.ExternalInterfaceRMS.dll;{A535D6FD-4373-4DC1-AA98-5D47CF0587AB}|Imi.Framework.Job.RemoteInterface.dll;{D50F8E00-4006-436A-8533-88209763DA3E}|Imi.Framework.Shared.dll;{3536BFF6-DA06-4D96-A7D6-5146A235430B}|Imi.Framework.Versioning.dll;"
		Debug.AspNetCompiler.VirtualPath = "/WebSiteRMS"
		Debug.AspNetCompiler.PhysicalPath = "WebSiteRMS\"
		Debug.AspNetCompiler.TargetPath = "PrecompiledWeb\WebSiteRMS\"
		Debug.AspNetCompiler.Updateable = "true"
		Debug.AspNetCompiler.ForceOverwrite = "true"
		Debug.AspNetCompiler.FixedNames = "false"
		Debug.AspNetCompiler.Debug = "True"
		Release.AspNetCompiler.VirtualPath = "/WebSiteRMS"
		Release.AspNetCompiler.PhysicalPath = "WebSiteRMS\"
		Release.AspNetCompiler.TargetPath = "PrecompiledWeb\WebSiteRMS\"
		Release.AspNetCompiler.Updateable = "true"
		Release.AspNetCompiler.ForceOverwrite = "true"
		Release.AspNetCompiler.FixedNames = "false"
		Release.AspNetCompiler.Debug = "False"
		VWDPort = "4246"
	EndProjectSection
EndProject
Project("{FAE04EC0-301F-11D3-BF4B-00C04F79EFBC}") = "Wms.WebServices.OutboundTesterRMS", "OutboundTesterRMS\Wms.WebServices.OutboundTesterRMS.csproj", "{6AB68103-6E00-4934-8AB1-6C63D39A5027}"
EndProject
Project("{E24C65DC-7377-472B-9ABA-BC803B73C61A}") = "WebSiteOutboundTesterRMS", "WebSiteOutboundTesterRMS\", "{FEB5CE2D-FD26-45CE-AC61-45315FCAB962}"
	ProjectSection(WebsiteProperties) = preProject
		SccProjectName = ""
		SccAuxPath = ""
		SccLocalPath = ""
		SccProvider = ""
		TargetFrameworkMoniker = ".NETFramework,Version%3Dv4.0"
		ProjectReferences = "{6AB68103-6E00-4934-8AB1-6C63D39A5027}|Wms.WebServices.OutboundTesterRMS.dll;{BBCF9DA2-8238-4CB2-A191-562FC9937DD1}|Imi.Framework.Job.dll;{D50F8E00-4006-436A-8533-88209763DA3E}|Imi.Framework.Shared.dll;{A535D6FD-4373-4DC1-AA98-5D47CF0587AB}|Imi.Framework.Job.RemoteInterface.dll;{3536BFF6-DA06-4D96-A7D6-5146A235430B}|Imi.Framework.Versioning.dll;"
		Debug.AspNetCompiler.VirtualPath = "/WebSiteOutboundTesterRMS"
		Debug.AspNetCompiler.PhysicalPath = "WebSiteOutboundTesterRMS\"
		Debug.AspNetCompiler.TargetPath = "PrecompiledWeb\WebSiteOutboundTesterRMS\"
		Debug.AspNetCompiler.Updateable = "true"
		Debug.AspNetCompiler.ForceOverwrite = "true"
		Debug.AspNetCompiler.FixedNames = "false"
		Debug.AspNetCompiler.Debug = "True"
		Release.AspNetCompiler.VirtualPath = "/WebSiteOutboundTesterRMS"
		Release.AspNetCompiler.PhysicalPath = "WebSiteOutboundTesterRMS\"
		Release.AspNetCompiler.TargetPath = "PrecompiledWeb\WebSiteOutboundTesterRMS\"
		Release.AspNetCompiler.Updateable = "true"
		Release.AspNetCompiler.ForceOverwrite = "true"
		Release.AspNetCompiler.FixedNames = "false"
		Release.AspNetCompiler.Debug = "False"
		VWDPort = "2428"
	EndProjectSection
EndProject
Project("{FAE04EC0-301F-11D3-BF4B-00C04F79EFBC}") = "Wms.WebServices.OutboundTester", "OutboundTester\Wms.WebServices.OutboundTester.csproj", "{BBA49931-9FF4-4EE4-AEC1-B92B8C9147CE}"
EndProject
Project("{E24C65DC-7377-472B-9ABA-BC803B73C61A}") = "WebSiteOutboundTester", "WebSiteOutboundTester\", "{8E85BE97-AF1E-455A-96C9-462006705275}"
	ProjectSection(WebsiteProperties) = preProject
		SccProjectName = ""
		SccAuxPath = ""
		SccLocalPath = ""
		SccProvider = ""
		TargetFrameworkMoniker = ".NETFramework,Version%3Dv4.0"
		ProjectReferences = "{BBA49931-9FF4-4EE4-AEC1-B92B8C9147CE}|Wms.WebServices.OutboundTester.dll;{BBCF9DA2-8238-4CB2-A191-562FC9937DD1}|Imi.Framework.Job.dll;{D50F8E00-4006-436A-8533-88209763DA3E}|Imi.Framework.Shared.dll;{A535D6FD-4373-4DC1-AA98-5D47CF0587AB}|Imi.Framework.Job.RemoteInterface.dll;{3536BFF6-DA06-4D96-A7D6-5146A235430B}|Imi.Framework.Versioning.dll;"
		Debug.AspNetCompiler.VirtualPath = "/WebSiteOutboundTester"
		Debug.AspNetCompiler.PhysicalPath = "WebSiteOutboundTester\"
		Debug.AspNetCompiler.TargetPath = "PrecompiledWeb\WebSiteOutboundTester\"
		Debug.AspNetCompiler.Updateable = "true"
		Debug.AspNetCompiler.ForceOverwrite = "true"
		Debug.AspNetCompiler.FixedNames = "false"
		Debug.AspNetCompiler.Debug = "True"
		Release.AspNetCompiler.VirtualPath = "/WebSiteOutboundTester"
		Release.AspNetCompiler.PhysicalPath = "WebSiteOutboundTester\"
		Release.AspNetCompiler.TargetPath = "PrecompiledWeb\WebSiteOutboundTester\"
		Release.AspNetCompiler.Updateable = "true"
		Release.AspNetCompiler.ForceOverwrite = "true"
		Release.AspNetCompiler.FixedNames = "false"
		Release.AspNetCompiler.Debug = "False"
		VWDPort = "4503"
		DefaultWebSiteLanguage = "Visual C#"
	EndProjectSection
EndProject
Project("{FAE04EC0-301F-11D3-BF4B-00C04F79EFBC}") = "Wms.WebServices.iRenInterface", "iRenlInterface\Wms.WebServices.iRenInterface.csproj", "{4338E0C4-8909-4559-81FE-AB8E51E41579}"
EndProject
Project("{E24C65DC-7377-472B-9ABA-BC803B73C61A}") = "WebSiteiRen", "WebSiteiRen\", "{83DFA1F6-1B2F-424F-9698-8843468C6310}"
	ProjectSection(WebsiteProperties) = preProject
		TargetFrameworkMoniker = ".NETFramework,Version%3Dv4.0"
		ProjectReferences = "{4338E0C4-8909-4559-81FE-AB8E51E41579}|Wms.WebServices.iRenInterface.dll;{BBCF9DA2-8238-4CB2-A191-562FC9937DD1}|Imi.Framework.Job.dll;{D50F8E00-4006-436A-8533-88209763DA3E}|Imi.Framework.Shared.dll;{A535D6FD-4373-4DC1-AA98-5D47CF0587AB}|Imi.Framework.Job.RemoteInterface.dll;{3536BFF6-DA06-4D96-A7D6-5146A235430B}|Imi.Framework.Versioning.dll;"
		Debug.AspNetCompiler.VirtualPath = "/WebSiteiRen"
		Debug.AspNetCompiler.PhysicalPath = "WebSiteiRen\"
		Debug.AspNetCompiler.TargetPath = "PrecompiledWeb\WebSiteiRen\"
		Debug.AspNetCompiler.Updateable = "true"
		Debug.AspNetCompiler.ForceOverwrite = "true"
		Debug.AspNetCompiler.FixedNames = "false"
		Debug.AspNetCompiler.Debug = "True"
		Release.AspNetCompiler.VirtualPath = "/WebSiteiRen"
		Release.AspNetCompiler.PhysicalPath = "WebSiteiRen\"
		Release.AspNetCompiler.TargetPath = "PrecompiledWeb\WebSiteiRen\"
		Release.AspNetCompiler.Updateable = "true"
		Release.AspNetCompiler.ForceOverwrite = "true"
		Release.AspNetCompiler.FixedNames = "false"
		Release.AspNetCompiler.Debug = "False"
		VWDPort = "4728"
	EndProjectSection
EndProject
Project("{FAE04EC0-301F-11D3-BF4B-00C04F79EFBC}") = "Wms.WebServices.OutboundTesteriRen", "OutboundTesteriRen\Wms.WebServices.OutboundTesteriRen.csproj", "{B69DE5AE-1A09-44B8-A7C6-DEA2DE5ADDE9}"
EndProject
Project("{E24C65DC-7377-472B-9ABA-BC803B73C61A}") = "WebSiteOutboundTesteriRen", "WebSiteOutboundTesteriRen\", "{5BD9F175-97A5-4590-95A8-668CC3913B27}"
	ProjectSection(WebsiteProperties) = preProject
		TargetFrameworkMoniker = ".NETFramework,Version%3Dv4.0"
		ProjectReferences = "{B69DE5AE-1A09-44B8-A7C6-DEA2DE5ADDE9}|Wms.WebServices.OutboundTesteriRen.dll;{BBCF9DA2-8238-4CB2-A191-562FC9937DD1}|Imi.Framework.Job.dll;{D50F8E00-4006-436A-8533-88209763DA3E}|Imi.Framework.Shared.dll;{A535D6FD-4373-4DC1-AA98-5D47CF0587AB}|Imi.Framework.Job.RemoteInterface.dll;{3536BFF6-DA06-4D96-A7D6-5146A235430B}|Imi.Framework.Versioning.dll;"
		Debug.AspNetCompiler.VirtualPath = "/WebSiteOutboundTesteriRen"
		Debug.AspNetCompiler.PhysicalPath = "WebSiteOutboundTesteriRen\"
		Debug.AspNetCompiler.TargetPath = "PrecompiledWeb\WebSiteOutboundTesteriRen\"
		Debug.AspNetCompiler.Updateable = "true"
		Debug.AspNetCompiler.ForceOverwrite = "true"
		Debug.AspNetCompiler.FixedNames = "false"
		Debug.AspNetCompiler.Debug = "True"
		Release.AspNetCompiler.VirtualPath = "/WebSiteOutboundTesteriRen"
		Release.AspNetCompiler.PhysicalPath = "WebSiteOutboundTesteriRen\"
		Release.AspNetCompiler.TargetPath = "PrecompiledWeb\WebSiteOutboundTesteriRen\"
		Release.AspNetCompiler.Updateable = "true"
		Release.AspNetCompiler.ForceOverwrite = "true"
		Release.AspNetCompiler.FixedNames = "false"
		Release.AspNetCompiler.Debug = "False"
		VWDPort = "2418"
	EndProjectSection
EndProject
Project("{FAE04EC0-301F-11D3-BF4B-00C04F79EFBC}") = "Framework.Versioning", "..\..\Framework\Versioning\Framework.Versioning.csproj", "{3536BFF6-DA06-4D96-A7D6-5146A235430B}"
EndProject
Global
	GlobalSection(SolutionConfigurationPlatforms) = preSolution
		Debug|.NET = Debug|.NET
		Debug|Any CPU = Debug|Any CPU
		Debug|Mixed Platforms = Debug|Mixed Platforms
		Debug|x64 = Debug|x64
		Debug|x86 = Debug|x86
		Release|.NET = Release|.NET
		Release|Any CPU = Release|Any CPU
		Release|Mixed Platforms = Release|Mixed Platforms
		Release|x64 = Release|x64
		Release|x86 = Release|x86
	EndGlobalSection
	GlobalSection(ProjectConfigurationPlatforms) = postSolution
		{D50F8E00-4006-436A-8533-88209763DA3E}.Debug|.NET.ActiveCfg = Debug|x64
		{D50F8E00-4006-436A-8533-88209763DA3E}.Debug|Any CPU.ActiveCfg = Debug|Any CPU
		{D50F8E00-4006-436A-8533-88209763DA3E}.Debug|Any CPU.Build.0 = Debug|Any CPU
		{D50F8E00-4006-436A-8533-88209763DA3E}.Debug|Mixed Platforms.ActiveCfg = Debug|Any CPU
		{D50F8E00-4006-436A-8533-88209763DA3E}.Debug|Mixed Platforms.Build.0 = Debug|Any CPU
		{D50F8E00-4006-436A-8533-88209763DA3E}.Debug|x64.ActiveCfg = Debug|x64
		{D50F8E00-4006-436A-8533-88209763DA3E}.Debug|x64.Build.0 = Debug|x64
		{D50F8E00-4006-436A-8533-88209763DA3E}.Debug|x86.ActiveCfg = Debug|x86
		{D50F8E00-4006-436A-8533-88209763DA3E}.Debug|x86.Build.0 = Debug|x86
		{D50F8E00-4006-436A-8533-88209763DA3E}.Release|.NET.ActiveCfg = Release|x64
		{D50F8E00-4006-436A-8533-88209763DA3E}.Release|Any CPU.ActiveCfg = Release|Any CPU
		{D50F8E00-4006-436A-8533-88209763DA3E}.Release|Any CPU.Build.0 = Release|Any CPU
		{D50F8E00-4006-436A-8533-88209763DA3E}.Release|Mixed Platforms.ActiveCfg = Release|Any CPU
		{D50F8E00-4006-436A-8533-88209763DA3E}.Release|Mixed Platforms.Build.0 = Release|Any CPU
		{D50F8E00-4006-436A-8533-88209763DA3E}.Release|x64.ActiveCfg = Release|x64
		{D50F8E00-4006-436A-8533-88209763DA3E}.Release|x64.Build.0 = Release|x64
		{D50F8E00-4006-436A-8533-88209763DA3E}.Release|x86.ActiveCfg = Release|x86
		{D50F8E00-4006-436A-8533-88209763DA3E}.Release|x86.Build.0 = Release|x86
		{74E6F26D-FE1E-441E-9300-9093793A9268}.Debug|.NET.ActiveCfg = Debug|Any CPU
		{74E6F26D-FE1E-441E-9300-9093793A9268}.Debug|Any CPU.ActiveCfg = Debug|Any CPU
		{74E6F26D-FE1E-441E-9300-9093793A9268}.Debug|Any CPU.Build.0 = Debug|Any CPU
		{74E6F26D-FE1E-441E-9300-9093793A9268}.Debug|Mixed Platforms.ActiveCfg = Debug|Any CPU
		{74E6F26D-FE1E-441E-9300-9093793A9268}.Debug|Mixed Platforms.Build.0 = Debug|Any CPU
		{74E6F26D-FE1E-441E-9300-9093793A9268}.Debug|x64.ActiveCfg = Debug|Any CPU
		{74E6F26D-FE1E-441E-9300-9093793A9268}.Debug|x86.ActiveCfg = Debug|Any CPU
		{74E6F26D-FE1E-441E-9300-9093793A9268}.Release|.NET.ActiveCfg = Release|Any CPU
		{74E6F26D-FE1E-441E-9300-9093793A9268}.Release|Any CPU.ActiveCfg = Release|Any CPU
		{74E6F26D-FE1E-441E-9300-9093793A9268}.Release|Any CPU.Build.0 = Release|Any CPU
		{74E6F26D-FE1E-441E-9300-9093793A9268}.Release|Mixed Platforms.ActiveCfg = Release|Any CPU
		{74E6F26D-FE1E-441E-9300-9093793A9268}.Release|Mixed Platforms.Build.0 = Release|Any CPU
		{74E6F26D-FE1E-441E-9300-9093793A9268}.Release|x64.ActiveCfg = Release|Any CPU
		{74E6F26D-FE1E-441E-9300-9093793A9268}.Release|x86.ActiveCfg = Release|Any CPU
		{03E51400-3B79-453F-AB03-419E4F443BC8}.Debug|.NET.ActiveCfg = Debug|.NET
		{03E51400-3B79-453F-AB03-419E4F443BC8}.Debug|.NET.Build.0 = Debug|.NET
		{03E51400-3B79-453F-AB03-419E4F443BC8}.Debug|Any CPU.ActiveCfg = Debug|.NET
		{03E51400-3B79-453F-AB03-419E4F443BC8}.Debug|Any CPU.Build.0 = Debug|.NET
		{03E51400-3B79-453F-AB03-419E4F443BC8}.Debug|Mixed Platforms.ActiveCfg = Debug|.NET
		{03E51400-3B79-453F-AB03-419E4F443BC8}.Debug|Mixed Platforms.Build.0 = Debug|.NET
		{03E51400-3B79-453F-AB03-419E4F443BC8}.Debug|x64.ActiveCfg = Debug|.NET
		{03E51400-3B79-453F-AB03-419E4F443BC8}.Debug|x86.ActiveCfg = Debug|.NET
		{03E51400-3B79-453F-AB03-419E4F443BC8}.Release|.NET.ActiveCfg = Debug|.NET
		{03E51400-3B79-453F-AB03-419E4F443BC8}.Release|.NET.Build.0 = Debug|.NET
		{03E51400-3B79-453F-AB03-419E4F443BC8}.Release|Any CPU.ActiveCfg = Debug|.NET
		{03E51400-3B79-453F-AB03-419E4F443BC8}.Release|Any CPU.Build.0 = Debug|.NET
		{03E51400-3B79-453F-AB03-419E4F443BC8}.Release|Mixed Platforms.ActiveCfg = Debug|.NET
		{03E51400-3B79-453F-AB03-419E4F443BC8}.Release|Mixed Platforms.Build.0 = Debug|.NET
		{03E51400-3B79-453F-AB03-419E4F443BC8}.Release|x64.ActiveCfg = Debug|.NET
		{03E51400-3B79-453F-AB03-419E4F443BC8}.Release|x86.ActiveCfg = Debug|.NET
		{AB08064E-381F-44F6-8573-CF4FB88F5F9F}.Debug|.NET.ActiveCfg = Debug|Any CPU
		{AB08064E-381F-44F6-8573-CF4FB88F5F9F}.Debug|Any CPU.ActiveCfg = Debug|Any CPU
		{AB08064E-381F-44F6-8573-CF4FB88F5F9F}.Debug|Any CPU.Build.0 = Debug|Any CPU
		{AB08064E-381F-44F6-8573-CF4FB88F5F9F}.Debug|Mixed Platforms.ActiveCfg = Debug|Any CPU
		{AB08064E-381F-44F6-8573-CF4FB88F5F9F}.Debug|Mixed Platforms.Build.0 = Debug|Any CPU
		{AB08064E-381F-44F6-8573-CF4FB88F5F9F}.Debug|x64.ActiveCfg = Debug|Any CPU
		{AB08064E-381F-44F6-8573-CF4FB88F5F9F}.Debug|x86.ActiveCfg = Debug|Any CPU
		{AB08064E-381F-44F6-8573-CF4FB88F5F9F}.Release|.NET.ActiveCfg = Release|Any CPU
		{AB08064E-381F-44F6-8573-CF4FB88F5F9F}.Release|Any CPU.ActiveCfg = Release|Any CPU
		{AB08064E-381F-44F6-8573-CF4FB88F5F9F}.Release|Any CPU.Build.0 = Release|Any CPU
		{AB08064E-381F-44F6-8573-CF4FB88F5F9F}.Release|Mixed Platforms.ActiveCfg = Release|Any CPU
		{AB08064E-381F-44F6-8573-CF4FB88F5F9F}.Release|Mixed Platforms.Build.0 = Release|Any CPU
		{AB08064E-381F-44F6-8573-CF4FB88F5F9F}.Release|x64.ActiveCfg = Release|Any CPU
		{AB08064E-381F-44F6-8573-CF4FB88F5F9F}.Release|x86.ActiveCfg = Release|Any CPU
		{BBCF9DA2-8238-4CB2-A191-562FC9937DD1}.Debug|.NET.ActiveCfg = Debug|Any CPU
		{BBCF9DA2-8238-4CB2-A191-562FC9937DD1}.Debug|Any CPU.ActiveCfg = Debug|Any CPU
		{BBCF9DA2-8238-4CB2-A191-562FC9937DD1}.Debug|Any CPU.Build.0 = Debug|Any CPU
		{BBCF9DA2-8238-4CB2-A191-562FC9937DD1}.Debug|Mixed Platforms.ActiveCfg = Debug|Any CPU
		{BBCF9DA2-8238-4CB2-A191-562FC9937DD1}.Debug|Mixed Platforms.Build.0 = Debug|Any CPU
		{BBCF9DA2-8238-4CB2-A191-562FC9937DD1}.Debug|x64.ActiveCfg = Debug|Any CPU
		{BBCF9DA2-8238-4CB2-A191-562FC9937DD1}.Debug|x86.ActiveCfg = Debug|Any CPU
		{BBCF9DA2-8238-4CB2-A191-562FC9937DD1}.Release|.NET.ActiveCfg = Release|Any CPU
		{BBCF9DA2-8238-4CB2-A191-562FC9937DD1}.Release|Any CPU.ActiveCfg = Release|Any CPU
		{BBCF9DA2-8238-4CB2-A191-562FC9937DD1}.Release|Any CPU.Build.0 = Release|Any CPU
		{BBCF9DA2-8238-4CB2-A191-562FC9937DD1}.Release|Mixed Platforms.ActiveCfg = Release|Any CPU
		{BBCF9DA2-8238-4CB2-A191-562FC9937DD1}.Release|Mixed Platforms.Build.0 = Release|Any CPU
		{BBCF9DA2-8238-4CB2-A191-562FC9937DD1}.Release|x64.ActiveCfg = Release|Any CPU
		{BBCF9DA2-8238-4CB2-A191-562FC9937DD1}.Release|x86.ActiveCfg = Release|Any CPU
		{A535D6FD-4373-4DC1-AA98-5D47CF0587AB}.Debug|.NET.ActiveCfg = Debug|Any CPU
		{A535D6FD-4373-4DC1-AA98-5D47CF0587AB}.Debug|Any CPU.ActiveCfg = Debug|Any CPU
		{A535D6FD-4373-4DC1-AA98-5D47CF0587AB}.Debug|Any CPU.Build.0 = Debug|Any CPU
		{A535D6FD-4373-4DC1-AA98-5D47CF0587AB}.Debug|Mixed Platforms.ActiveCfg = Debug|Any CPU
		{A535D6FD-4373-4DC1-AA98-5D47CF0587AB}.Debug|Mixed Platforms.Build.0 = Debug|Any CPU
		{A535D6FD-4373-4DC1-AA98-5D47CF0587AB}.Debug|x64.ActiveCfg = Debug|Any CPU
		{A535D6FD-4373-4DC1-AA98-5D47CF0587AB}.Debug|x86.ActiveCfg = Debug|Any CPU
		{A535D6FD-4373-4DC1-AA98-5D47CF0587AB}.Release|.NET.ActiveCfg = Release|Any CPU
		{A535D6FD-4373-4DC1-AA98-5D47CF0587AB}.Release|Any CPU.ActiveCfg = Release|Any CPU
		{A535D6FD-4373-4DC1-AA98-5D47CF0587AB}.Release|Any CPU.Build.0 = Release|Any CPU
		{A535D6FD-4373-4DC1-AA98-5D47CF0587AB}.Release|Mixed Platforms.ActiveCfg = Release|Any CPU
		{A535D6FD-4373-4DC1-AA98-5D47CF0587AB}.Release|Mixed Platforms.Build.0 = Release|Any CPU
		{A535D6FD-4373-4DC1-AA98-5D47CF0587AB}.Release|x64.ActiveCfg = Release|Any CPU
		{A535D6FD-4373-4DC1-AA98-5D47CF0587AB}.Release|x86.ActiveCfg = Release|Any CPU
		{2AF086AD-D5D7-4A3A-80F9-D2BE148020B5}.Debug|.NET.ActiveCfg = Debug|.NET
		{2AF086AD-D5D7-4A3A-80F9-D2BE148020B5}.Debug|.NET.Build.0 = Debug|.NET
		{2AF086AD-D5D7-4A3A-80F9-D2BE148020B5}.Debug|Any CPU.ActiveCfg = Debug|.NET
		{2AF086AD-D5D7-4A3A-80F9-D2BE148020B5}.Debug|Any CPU.Build.0 = Debug|.NET
		{2AF086AD-D5D7-4A3A-80F9-D2BE148020B5}.Debug|Mixed Platforms.ActiveCfg = Debug|.NET
		{2AF086AD-D5D7-4A3A-80F9-D2BE148020B5}.Debug|Mixed Platforms.Build.0 = Debug|.NET
		{2AF086AD-D5D7-4A3A-80F9-D2BE148020B5}.Debug|x64.ActiveCfg = Debug|.NET
		{2AF086AD-D5D7-4A3A-80F9-D2BE148020B5}.Debug|x86.ActiveCfg = Debug|.NET
		{2AF086AD-D5D7-4A3A-80F9-D2BE148020B5}.Release|.NET.ActiveCfg = Debug|.NET
		{2AF086AD-D5D7-4A3A-80F9-D2BE148020B5}.Release|.NET.Build.0 = Debug|.NET
		{2AF086AD-D5D7-4A3A-80F9-D2BE148020B5}.Release|Any CPU.ActiveCfg = Debug|.NET
		{2AF086AD-D5D7-4A3A-80F9-D2BE148020B5}.Release|Any CPU.Build.0 = Debug|.NET
		{2AF086AD-D5D7-4A3A-80F9-D2BE148020B5}.Release|Mixed Platforms.ActiveCfg = Debug|.NET
		{2AF086AD-D5D7-4A3A-80F9-D2BE148020B5}.Release|Mixed Platforms.Build.0 = Debug|.NET
		{2AF086AD-D5D7-4A3A-80F9-D2BE148020B5}.Release|x64.ActiveCfg = Debug|.NET
		{2AF086AD-D5D7-4A3A-80F9-D2BE148020B5}.Release|x86.ActiveCfg = Debug|.NET
		{6AB68103-6E00-4934-8AB1-6C63D39A5027}.Debug|.NET.ActiveCfg = Debug|Any CPU
		{6AB68103-6E00-4934-8AB1-6C63D39A5027}.Debug|Any CPU.ActiveCfg = Debug|Any CPU
		{6AB68103-6E00-4934-8AB1-6C63D39A5027}.Debug|Any CPU.Build.0 = Debug|Any CPU
		{6AB68103-6E00-4934-8AB1-6C63D39A5027}.Debug|Mixed Platforms.ActiveCfg = Debug|Any CPU
		{6AB68103-6E00-4934-8AB1-6C63D39A5027}.Debug|Mixed Platforms.Build.0 = Debug|Any CPU
		{6AB68103-6E00-4934-8AB1-6C63D39A5027}.Debug|x64.ActiveCfg = Debug|Any CPU
		{6AB68103-6E00-4934-8AB1-6C63D39A5027}.Debug|x86.ActiveCfg = Debug|Any CPU
		{6AB68103-6E00-4934-8AB1-6C63D39A5027}.Release|.NET.ActiveCfg = Release|Any CPU
		{6AB68103-6E00-4934-8AB1-6C63D39A5027}.Release|Any CPU.ActiveCfg = Release|Any CPU
		{6AB68103-6E00-4934-8AB1-6C63D39A5027}.Release|Any CPU.Build.0 = Release|Any CPU
		{6AB68103-6E00-4934-8AB1-6C63D39A5027}.Release|Mixed Platforms.ActiveCfg = Release|Any CPU
		{6AB68103-6E00-4934-8AB1-6C63D39A5027}.Release|Mixed Platforms.Build.0 = Release|Any CPU
		{6AB68103-6E00-4934-8AB1-6C63D39A5027}.Release|x64.ActiveCfg = Release|Any CPU
		{6AB68103-6E00-4934-8AB1-6C63D39A5027}.Release|x86.ActiveCfg = Release|Any CPU
		{FEB5CE2D-FD26-45CE-AC61-45315FCAB962}.Debug|.NET.ActiveCfg = Debug|.NET
		{FEB5CE2D-FD26-45CE-AC61-45315FCAB962}.Debug|.NET.Build.0 = Debug|.NET
		{FEB5CE2D-FD26-45CE-AC61-45315FCAB962}.Debug|Any CPU.ActiveCfg = Debug|.NET
		{FEB5CE2D-FD26-45CE-AC61-45315FCAB962}.Debug|Any CPU.Build.0 = Debug|.NET
		{FEB5CE2D-FD26-45CE-AC61-45315FCAB962}.Debug|Mixed Platforms.ActiveCfg = Debug|.NET
		{FEB5CE2D-FD26-45CE-AC61-45315FCAB962}.Debug|Mixed Platforms.Build.0 = Debug|.NET
		{FEB5CE2D-FD26-45CE-AC61-45315FCAB962}.Debug|x64.ActiveCfg = Debug|.NET
		{FEB5CE2D-FD26-45CE-AC61-45315FCAB962}.Debug|x86.ActiveCfg = Debug|.NET
		{FEB5CE2D-FD26-45CE-AC61-45315FCAB962}.Release|.NET.ActiveCfg = Debug|.NET
		{FEB5CE2D-FD26-45CE-AC61-45315FCAB962}.Release|.NET.Build.0 = Debug|.NET
		{FEB5CE2D-FD26-45CE-AC61-45315FCAB962}.Release|Any CPU.ActiveCfg = Debug|.NET
		{FEB5CE2D-FD26-45CE-AC61-45315FCAB962}.Release|Any CPU.Build.0 = Debug|.NET
		{FEB5CE2D-FD26-45CE-AC61-45315FCAB962}.Release|Mixed Platforms.ActiveCfg = Debug|.NET
		{FEB5CE2D-FD26-45CE-AC61-45315FCAB962}.Release|Mixed Platforms.Build.0 = Debug|.NET
		{FEB5CE2D-FD26-45CE-AC61-45315FCAB962}.Release|x64.ActiveCfg = Debug|.NET
		{FEB5CE2D-FD26-45CE-AC61-45315FCAB962}.Release|x86.ActiveCfg = Debug|.NET
		{BBA49931-9FF4-4EE4-AEC1-B92B8C9147CE}.Debug|.NET.ActiveCfg = Debug|Any CPU
		{BBA49931-9FF4-4EE4-AEC1-B92B8C9147CE}.Debug|Any CPU.ActiveCfg = Debug|Any CPU
		{BBA49931-9FF4-4EE4-AEC1-B92B8C9147CE}.Debug|Any CPU.Build.0 = Debug|Any CPU
		{BBA49931-9FF4-4EE4-AEC1-B92B8C9147CE}.Debug|Mixed Platforms.ActiveCfg = Debug|Any CPU
		{BBA49931-9FF4-4EE4-AEC1-B92B8C9147CE}.Debug|Mixed Platforms.Build.0 = Debug|Any CPU
		{BBA49931-9FF4-4EE4-AEC1-B92B8C9147CE}.Debug|x64.ActiveCfg = Debug|Any CPU
		{BBA49931-9FF4-4EE4-AEC1-B92B8C9147CE}.Debug|x86.ActiveCfg = Debug|Any CPU
		{BBA49931-9FF4-4EE4-AEC1-B92B8C9147CE}.Release|.NET.ActiveCfg = Release|Any CPU
		{BBA49931-9FF4-4EE4-AEC1-B92B8C9147CE}.Release|Any CPU.ActiveCfg = Release|Any CPU
		{BBA49931-9FF4-4EE4-AEC1-B92B8C9147CE}.Release|Any CPU.Build.0 = Release|Any CPU
		{BBA49931-9FF4-4EE4-AEC1-B92B8C9147CE}.Release|Mixed Platforms.ActiveCfg = Release|Any CPU
		{BBA49931-9FF4-4EE4-AEC1-B92B8C9147CE}.Release|Mixed Platforms.Build.0 = Release|Any CPU
		{BBA49931-9FF4-4EE4-AEC1-B92B8C9147CE}.Release|x64.ActiveCfg = Release|Any CPU
		{BBA49931-9FF4-4EE4-AEC1-B92B8C9147CE}.Release|x86.ActiveCfg = Release|Any CPU
		{8E85BE97-AF1E-455A-96C9-462006705275}.Debug|.NET.ActiveCfg = Debug|.NET
		{8E85BE97-AF1E-455A-96C9-462006705275}.Debug|.NET.Build.0 = Debug|.NET
		{8E85BE97-AF1E-455A-96C9-462006705275}.Debug|Any CPU.ActiveCfg = Debug|.NET
		{8E85BE97-AF1E-455A-96C9-462006705275}.Debug|Any CPU.Build.0 = Debug|.NET
		{8E85BE97-AF1E-455A-96C9-462006705275}.Debug|Mixed Platforms.ActiveCfg = Debug|.NET
		{8E85BE97-AF1E-455A-96C9-462006705275}.Debug|Mixed Platforms.Build.0 = Debug|.NET
		{8E85BE97-AF1E-455A-96C9-462006705275}.Debug|x64.ActiveCfg = Debug|.NET
		{8E85BE97-AF1E-455A-96C9-462006705275}.Debug|x86.ActiveCfg = Debug|.NET
		{8E85BE97-AF1E-455A-96C9-462006705275}.Release|.NET.ActiveCfg = Debug|.NET
		{8E85BE97-AF1E-455A-96C9-462006705275}.Release|.NET.Build.0 = Debug|.NET
		{8E85BE97-AF1E-455A-96C9-462006705275}.Release|Any CPU.ActiveCfg = Debug|.NET
		{8E85BE97-AF1E-455A-96C9-462006705275}.Release|Any CPU.Build.0 = Debug|.NET
		{8E85BE97-AF1E-455A-96C9-462006705275}.Release|Mixed Platforms.ActiveCfg = Debug|.NET
		{8E85BE97-AF1E-455A-96C9-462006705275}.Release|Mixed Platforms.Build.0 = Debug|.NET
		{8E85BE97-AF1E-455A-96C9-462006705275}.Release|x64.ActiveCfg = Debug|.NET
		{8E85BE97-AF1E-455A-96C9-462006705275}.Release|x86.ActiveCfg = Debug|.NET
		{4338E0C4-8909-4559-81FE-AB8E51E41579}.Debug|.NET.ActiveCfg = Debug|Any CPU
		{4338E0C4-8909-4559-81FE-AB8E51E41579}.Debug|Any CPU.ActiveCfg = Debug|Any CPU
		{4338E0C4-8909-4559-81FE-AB8E51E41579}.Debug|Any CPU.Build.0 = Debug|Any CPU
		{4338E0C4-8909-4559-81FE-AB8E51E41579}.Debug|Mixed Platforms.ActiveCfg = Debug|Any CPU
		{4338E0C4-8909-4559-81FE-AB8E51E41579}.Debug|Mixed Platforms.Build.0 = Debug|Any CPU
		{4338E0C4-8909-4559-81FE-AB8E51E41579}.Debug|x64.ActiveCfg = Debug|Any CPU
		{4338E0C4-8909-4559-81FE-AB8E51E41579}.Debug|x86.ActiveCfg = Debug|Any CPU
		{4338E0C4-8909-4559-81FE-AB8E51E41579}.Release|.NET.ActiveCfg = Release|Any CPU
		{4338E0C4-8909-4559-81FE-AB8E51E41579}.Release|Any CPU.ActiveCfg = Release|Any CPU
		{4338E0C4-8909-4559-81FE-AB8E51E41579}.Release|Any CPU.Build.0 = Release|Any CPU
		{4338E0C4-8909-4559-81FE-AB8E51E41579}.Release|Mixed Platforms.ActiveCfg = Release|Any CPU
		{4338E0C4-8909-4559-81FE-AB8E51E41579}.Release|Mixed Platforms.Build.0 = Release|Any CPU
		{4338E0C4-8909-4559-81FE-AB8E51E41579}.Release|x64.ActiveCfg = Release|Any CPU
		{4338E0C4-8909-4559-81FE-AB8E51E41579}.Release|x86.ActiveCfg = Release|Any CPU
		{83DFA1F6-1B2F-424F-9698-8843468C6310}.Debug|.NET.ActiveCfg = Debug|.NET
		{83DFA1F6-1B2F-424F-9698-8843468C6310}.Debug|.NET.Build.0 = Debug|.NET
		{83DFA1F6-1B2F-424F-9698-8843468C6310}.Debug|Any CPU.ActiveCfg = Debug|.NET
		{83DFA1F6-1B2F-424F-9698-8843468C6310}.Debug|Any CPU.Build.0 = Debug|.NET
		{83DFA1F6-1B2F-424F-9698-8843468C6310}.Debug|Mixed Platforms.ActiveCfg = Debug|.NET
		{83DFA1F6-1B2F-424F-9698-8843468C6310}.Debug|Mixed Platforms.Build.0 = Debug|.NET
		{83DFA1F6-1B2F-424F-9698-8843468C6310}.Debug|x64.ActiveCfg = Debug|.NET
		{83DFA1F6-1B2F-424F-9698-8843468C6310}.Debug|x86.ActiveCfg = Debug|.NET
		{83DFA1F6-1B2F-424F-9698-8843468C6310}.Release|.NET.ActiveCfg = Debug|.NET
		{83DFA1F6-1B2F-424F-9698-8843468C6310}.Release|.NET.Build.0 = Debug|.NET
		{83DFA1F6-1B2F-424F-9698-8843468C6310}.Release|Any CPU.ActiveCfg = Debug|.NET
		{83DFA1F6-1B2F-424F-9698-8843468C6310}.Release|Any CPU.Build.0 = Debug|.NET
		{83DFA1F6-1B2F-424F-9698-8843468C6310}.Release|Mixed Platforms.ActiveCfg = Debug|.NET
		{83DFA1F6-1B2F-424F-9698-8843468C6310}.Release|Mixed Platforms.Build.0 = Debug|.NET
		{83DFA1F6-1B2F-424F-9698-8843468C6310}.Release|x64.ActiveCfg = Debug|.NET
		{83DFA1F6-1B2F-424F-9698-8843468C6310}.Release|x86.ActiveCfg = Debug|.NET
		{B69DE5AE-1A09-44B8-A7C6-DEA2DE5ADDE9}.Debug|.NET.ActiveCfg = Debug|Any CPU
		{B69DE5AE-1A09-44B8-A7C6-DEA2DE5ADDE9}.Debug|Any CPU.ActiveCfg = Debug|Any CPU
		{B69DE5AE-1A09-44B8-A7C6-DEA2DE5ADDE9}.Debug|Any CPU.Build.0 = Debug|Any CPU
		{B69DE5AE-1A09-44B8-A7C6-DEA2DE5ADDE9}.Debug|Mixed Platforms.ActiveCfg = Debug|Any CPU
		{B69DE5AE-1A09-44B8-A7C6-DEA2DE5ADDE9}.Debug|Mixed Platforms.Build.0 = Debug|Any CPU
		{B69DE5AE-1A09-44B8-A7C6-DEA2DE5ADDE9}.Debug|x64.ActiveCfg = Debug|Any CPU
		{B69DE5AE-1A09-44B8-A7C6-DEA2DE5ADDE9}.Debug|x86.ActiveCfg = Debug|Any CPU
		{B69DE5AE-1A09-44B8-A7C6-DEA2DE5ADDE9}.Release|.NET.ActiveCfg = Release|Any CPU
		{B69DE5AE-1A09-44B8-A7C6-DEA2DE5ADDE9}.Release|Any CPU.ActiveCfg = Release|Any CPU
		{B69DE5AE-1A09-44B8-A7C6-DEA2DE5ADDE9}.Release|Any CPU.Build.0 = Release|Any CPU
		{B69DE5AE-1A09-44B8-A7C6-DEA2DE5ADDE9}.Release|Mixed Platforms.ActiveCfg = Release|Any CPU
		{B69DE5AE-1A09-44B8-A7C6-DEA2DE5ADDE9}.Release|Mixed Platforms.Build.0 = Release|Any CPU
		{B69DE5AE-1A09-44B8-A7C6-DEA2DE5ADDE9}.Release|x64.ActiveCfg = Release|Any CPU
		{B69DE5AE-1A09-44B8-A7C6-DEA2DE5ADDE9}.Release|x86.ActiveCfg = Release|Any CPU
		{5BD9F175-97A5-4590-95A8-668CC3913B27}.Debug|.NET.ActiveCfg = Debug|.NET
		{5BD9F175-97A5-4590-95A8-668CC3913B27}.Debug|.NET.Build.0 = Debug|.NET
		{5BD9F175-97A5-4590-95A8-668CC3913B27}.Debug|Any CPU.ActiveCfg = Debug|.NET
		{5BD9F175-97A5-4590-95A8-668CC3913B27}.Debug|Any CPU.Build.0 = Debug|.NET
		{5BD9F175-97A5-4590-95A8-668CC3913B27}.Debug|Mixed Platforms.ActiveCfg = Debug|.NET
		{5BD9F175-97A5-4590-95A8-668CC3913B27}.Debug|Mixed Platforms.Build.0 = Debug|.NET
		{5BD9F175-97A5-4590-95A8-668CC3913B27}.Debug|x64.ActiveCfg = Debug|.NET
		{5BD9F175-97A5-4590-95A8-668CC3913B27}.Debug|x86.ActiveCfg = Debug|.NET
		{5BD9F175-97A5-4590-95A8-668CC3913B27}.Release|.NET.ActiveCfg = Debug|.NET
		{5BD9F175-97A5-4590-95A8-668CC3913B27}.Release|.NET.Build.0 = Debug|.NET
		{5BD9F175-97A5-4590-95A8-668CC3913B27}.Release|Any CPU.ActiveCfg = Debug|.NET
		{5BD9F175-97A5-4590-95A8-668CC3913B27}.Release|Any CPU.Build.0 = Debug|.NET
		{5BD9F175-97A5-4590-95A8-668CC3913B27}.Release|Mixed Platforms.ActiveCfg = Debug|.NET
		{5BD9F175-97A5-4590-95A8-668CC3913B27}.Release|Mixed Platforms.Build.0 = Debug|.NET
		{5BD9F175-97A5-4590-95A8-668CC3913B27}.Release|x64.ActiveCfg = Debug|.NET
		{5BD9F175-97A5-4590-95A8-668CC3913B27}.Release|x86.ActiveCfg = Debug|.NET
		{3536BFF6-DA06-4D96-A7D6-5146A235430B}.Debug|.NET.ActiveCfg = Debug|x86
		{3536BFF6-DA06-4D96-A7D6-5146A235430B}.Debug|Any CPU.ActiveCfg = Debug|Any CPU
		{3536BFF6-DA06-4D96-A7D6-5146A235430B}.Debug|Any CPU.Build.0 = Debug|Any CPU
		{3536BFF6-DA06-4D96-A7D6-5146A235430B}.Debug|Mixed Platforms.ActiveCfg = Debug|x86
		{3536BFF6-DA06-4D96-A7D6-5146A235430B}.Debug|Mixed Platforms.Build.0 = Debug|x86
		{3536BFF6-DA06-4D96-A7D6-5146A235430B}.Debug|x64.ActiveCfg = Debug|x86
		{3536BFF6-DA06-4D96-A7D6-5146A235430B}.Debug|x86.ActiveCfg = Debug|x86
		{3536BFF6-DA06-4D96-A7D6-5146A235430B}.Debug|x86.Build.0 = Debug|x86
		{3536BFF6-DA06-4D96-A7D6-5146A235430B}.Release|.NET.ActiveCfg = Release|x86
		{3536BFF6-DA06-4D96-A7D6-5146A235430B}.Release|Any CPU.ActiveCfg = Release|Any CPU
		{3536BFF6-DA06-4D96-A7D6-5146A235430B}.Release|Any CPU.Build.0 = Release|Any CPU
		{3536BFF6-DA06-4D96-A7D6-5146A235430B}.Release|Mixed Platforms.ActiveCfg = Release|x86
		{3536BFF6-DA06-4D96-A7D6-5146A235430B}.Release|Mixed Platforms.Build.0 = Release|x86
		{3536BFF6-DA06-4D96-A7D6-5146A235430B}.Release|x64.ActiveCfg = Release|x86
		{3536BFF6-DA06-4D96-A7D6-5146A235430B}.Release|x86.ActiveCfg = Release|x86
		{3536BFF6-DA06-4D96-A7D6-5146A235430B}.Release|x86.Build.0 = Release|x86
	EndGlobalSection
	GlobalSection(SolutionProperties) = preSolution
		HideSolutionNode = FALSE
	EndGlobalSection
	GlobalSection(NestedProjects) = preSolution
		{D50F8E00-4006-436A-8533-88209763DA3E} = {2A050738-A3DF-4157-B6FC-B54DF2250EC4}
		{BBCF9DA2-8238-4CB2-A191-562FC9937DD1} = {2A050738-A3DF-4157-B6FC-B54DF2250EC4}
		{A535D6FD-4373-4DC1-AA98-5D47CF0587AB} = {2A050738-A3DF-4157-B6FC-B54DF2250EC4}
		{3536BFF6-DA06-4D96-A7D6-5146A235430B} = {2A050738-A3DF-4157-B6FC-B54DF2250EC4}
	EndGlobalSection
EndGlobal
