Microsoft Visual Studio Solution File, Format Version 11.00
# Visual Studio 2010
Project("{2150E333-8FDC-42A3-9474-1A3956D46DE8}") = "Resource Access", "Resource Access", "{341E8D96-6CCA-483E-BAE4-CE05FE060B82}"
EndProject
Project("{2150E333-8FDC-42A3-9474-1A3956D46DE8}") = "Database Creation", "Database Creation", "{68CC3D1E-7D2D-4875-A2E2-BAD14B267073}"
EndProject
Project("{2150E333-8FDC-42A3-9474-1A3956D46DE8}") = "Business Logic", "Business Logic", "{46B4B3A9-EFE5-4860-8A60-2716704A3539}"
EndProject
Project("{2150E333-8FDC-42A3-9474-1A3956D46DE8}") = "Framework", "Framework", "{B83F80E9-0E1C-41AA-9D10-6B34C4C70AC3}"
EndProject
Project("{2150E333-8FDC-42A3-9474-1A3956D46DE8}") = "Application", "Application", "{5F840C7F-2098-4133-A902-4A0CCA9AD1C0}"
EndProject
Project("{2150E333-8FDC-42A3-9474-1A3956D46DE8}") = "CodeGeneration", "CodeGeneration", "{E38E3D07-B393-4E6E-9E8D-172E89297029}"
EndProject
Project("{2150E333-8FDC-42A3-9474-1A3956D46DE8}") = "GUI", "GUI", "{E38E8B3F-3729-4530-A1BC-1A51D68FD9DC}"
EndProject
Project("{2150E333-8FDC-42A3-9474-1A3956D46DE8}") = "Tools", "Tools", "{C048F6B6-1B1B-4D6A-AAF4-EFC5EF4159E5}"
EndProject
Project("{FAE04EC0-301F-11D3-BF4B-00C04F79EFBC}") = "MetaManager.DataAccess", "DataAccess\MetaManager.DataAccess.csproj", "{519F484A-16C4-4589-AEB9-0D38D25CE2DD}"
EndProject
Project("{FAE04EC0-301F-11D3-BF4B-00C04F79EFBC}") = "MetaManager.DataAccess.NHibernate", "DataAccess\NHibernate\MetaManager.DataAccess.NHibernate.csproj", "{CCB37F75-4598-4E94-9675-4A3958D34F9C}"
EndProject
Project("{FAE04EC0-301F-11D3-BF4B-00C04F79EFBC}") = "MetaManager.CreateMetaDb", "CreateMetaDb\MetaManager.CreateMetaDb.csproj", "{285E9B60-E130-48FF-ACC2-0A4669858A05}"
EndProject
Project("{FAE04EC0-301F-11D3-BF4B-00C04F79EFBC}") = "MetaManager.BusinessLogic", "BusinessLogic\MetaManager.BusinessLogic.csproj", "{30578BB0-7E86-4BC0-98B8-2320229D05B4}"
EndProject
Project("{FAE04EC0-301F-11D3-BF4B-00C04F79EFBC}") = "MetaManager.GUI", "GUI\MetaManager.GUI.csproj", "{4DAC67C4-1F3F-4D51-8A11-A9AD7FEF7C4E}"
EndProject
Project("{FAE04EC0-301F-11D3-BF4B-00C04F79EFBC}") = "Framework.Parsing.PLSQLSpecParsing", "Framework\Parsing\PLSQLSpecParsing\Framework.Parsing.PLSQLSpecParsing.csproj", "{BA4DF702-158E-4BC6-9533-D526BF4375A9}"
EndProject
Project("{FAE04EC0-301F-11D3-BF4B-00C04F79EFBC}") = "MetaManager.DataAccess.Config", "DataAccess\Config\MetaManager.DataAccess.Config.csproj", "{68771E80-9703-4D01-922D-32C85AAE55C2}"
EndProject
Project("{FAE04EC0-301F-11D3-BF4B-00C04F79EFBC}") = "HbmGenerator", "HbmGenerator\HbmGenerator.csproj", "{0C82C383-6BAA-466A-B518-DBA234D27B74}"
EndProject
Project("{FAE04EC0-301F-11D3-BF4B-00C04F79EFBC}") = "HbmGenerator.Attributes", "HbmGenerator\Attributes\HbmGenerator.Attributes.csproj", "{D0F506FB-426B-43F4-8CDF-F723977B065D}"
EndProject
Project("{FAE04EC0-301F-11D3-BF4B-00C04F79EFBC}") = "Framework.Parsing.CSharpParsing", "Framework\Parsing\CSharpParsing\Framework.Parsing.CSharpParsing.csproj", "{2DBFE3F4-A7C1-46BC-A802-C07951ECDA62}"
EndProject
Project("{FAE04EC0-301F-11D3-BF4B-00C04F79EFBC}") = "CodeGeneration.CodeSmithTemplateParser", "CodeGeneration\CodeSmithTemplateParser\CodeGeneration.CodeSmithTemplateParser.csproj", "{7A26DB29-DB32-4C77-9F8B-C7A5CCEE284E}"
EndProject
Project("{FAE04EC0-301F-11D3-BF4B-00C04F79EFBC}") = "CodeGeneration.CodeSmithTemplateParser.GUI", "CodeGeneration\CodeSmithTemplateParserGUI\CodeGeneration.CodeSmithTemplateParser.GUI.csproj", "{DCC7738E-6C36-43E9-BF46-5D0B75537F18}"
EndProject
Project("{FAE04EC0-301F-11D3-BF4B-00C04F79EFBC}") = "CodeSmithTemplatesConvertCompile", "CodeGeneration\CodeSmithTemplatesConvertCompile\CodeSmithTemplatesConvertCompile.csproj", "{091A45B0-A17F-4959-85BD-0380671B5677}"
EndProject
Project("{FAE04EC0-301F-11D3-BF4B-00C04F79EFBC}") = "CodeGeneration.Caching", "CodeGeneration\Caching\CodeGeneration.Caching.csproj", "{0245BB15-7CA5-418F-9BD6-E4E1B8D8776B}"
EndProject
Project("{FAE04EC0-301F-11D3-BF4B-00C04F79EFBC}") = "HbmGenerator.Support", "HbmGenerator\Support\HbmGenerator.Support.csproj", "{8DD64A35-A094-462E-9CE7-66778DE73D71}"
EndProject
Project("{FAE04EC0-301F-11D3-BF4B-00C04F79EFBC}") = "Framework.Parsing.OracleSQLParsing", "Framework\Parsing\OracleSQLParsing\Framework.Parsing.OracleSQLParsing.csproj", "{0E869DA3-709C-4593-BA7A-DF7FB6BE5990}"
EndProject
Project("{FAE04EC0-301F-11D3-BF4B-00C04F79EFBC}") = "Framework.ExtensionMethods", "Framework\ExtensionMethods\Framework.ExtensionMethods.csproj", "{A6414C47-5CD7-4891-A78E-CF626FECADA9}"
EndProject
Project("{FAE04EC0-301F-11D3-BF4B-00C04F79EFBC}") = "Framework.HashLib", "Framework\Hashing\Framework.HashLib.csproj", "{00BCC295-105F-40F9-B7CB-8C309DA53ACB}"
EndProject
Project("{FAE04EC0-301F-11D3-BF4B-00C04F79EFBC}") = "Framework.Reporting.PLSQL", "Framework\Reporting\PLSQL\Framework.Reporting.PLSQL.csproj", "{F0A7B927-15B3-43FB-B5B7-3A5CC67CEC78}"
EndProject
Project("{FAE04EC0-301F-11D3-BF4B-00C04F79EFBC}") = "Framework.Printing", "..\..\Framework\Printing\Framework.Printing.csproj", "{E0488FDC-8E77-408E-85EA-2022C316AA10}"
EndProject
Project("{FAE04EC0-301F-11D3-BF4B-00C04F79EFBC}") = "Framework.Shared", "..\..\Framework\Shared\Framework.Shared.csproj", "{D50F8E00-4006-436A-8533-88209763DA3E}"
EndProject
Project("{FAE04EC0-301F-11D3-BF4B-00C04F79EFBC}") = "MetaManager.BusinessLogic.Tests", "MetaManager.BusinessLogic.Test\MetaManager.BusinessLogic.Tests.csproj", "{07EF1535-CC66-4535-99F6-98D99AB1A160}"
EndProject
Project("{FAE04EC0-301F-11D3-BF4B-00C04F79EFBC}") = "MetaManager.DataAccess.Tests", "MetaManager.DataAccess.Test\MetaManager.DataAccess.Tests.csproj", "{3A936345-4219-4E01-918D-55EEF7493096}"
EndProject
Project("{2150E333-8FDC-42A3-9474-1A3956D46DE8}") = "Tests", "Tests", "{89985B21-773D-42D9-9FB1-5C82F7D4A4E5}"
EndProject
Project("{2150E333-8FDC-42A3-9474-1A3956D46DE8}") = "Tests", "Tests", "{8FFA166E-472A-422C-BC98-050B0DA9D5F3}"
EndProject
Project("{2150E333-8FDC-42A3-9474-1A3956D46DE8}") = "Setup", "Setup", "{2A8A029E-0D41-42D5-875C-B24609937989}"
EndProject
Project("{54435603-DBB4-11D2-8724-00A0C9A8B90C}") = "MetaManagerSetup", "Setup\MetaManagerSetup\MetaManagerSetup.vdproj", "{BDDB5C91-F924-40F7-98DB-F3C3BB426AFE}"
EndProject
Project("{2150E333-8FDC-42A3-9474-1A3956D46DE8}") = "CLI", "CLI", "{A8546195-434D-4392-9677-636B01FF4F29}"
EndProject
Project("{FAE04EC0-301F-11D3-BF4B-00C04F79EFBC}") = "MetaManager.CLI.exe", "CLI\MetaManager.CLI.exe.csproj", "{3F8D7575-4B87-4047-A923-A21B8746C1BB}"
EndProject
Project("{FAE04EC0-301F-11D3-BF4B-00C04F79EFBC}") = "MetaManager.GUI.Loader.exe", "GUI\Loader\MetaManager.GUI.Loader.exe.csproj", "{9CBA2DEF-B641-4FF2-B7A8-671C3F7EFFDB}"
EndProject
Project("{2150E333-8FDC-42A3-9474-1A3956D46DE8}") = "HbmGenerator", "HbmGenerator", "{6800096E-8257-4338-831C-A7FFE52B6872}"
EndProject
Project("{FAE04EC0-301F-11D3-BF4B-00C04F79EFBC}") = "Framework.Parsing.PLSQLPackageSpecification", "Framework\Parsing\PLSQLPackageSpecification\Framework.Parsing.PLSQLPackageSpecification.csproj", "{B00CA713-5089-49B7-BF05-03DE647B3F9B}"
EndProject
Project("{FAE04EC0-301F-11D3-BF4B-00C04F79EFBC}") = "Framework.Printing.LabelParsing", "..\..\Framework\Printing\LabelParsing\Framework.Printing.LabelParsing.csproj", "{AFC69DBC-5C4F-4AFD-876E-E41DBB9DB455}"
EndProject
Project("{FAE04EC0-301F-11D3-BF4B-00C04F79EFBC}") = "Framework.Versioning", "..\..\Framework\Versioning\Framework.Versioning.csproj", "{3536BFF6-DA06-4D96-A7D6-5146A235430B}"
EndProject
Global
	GlobalSection(SolutionConfigurationPlatforms) = preSolution
		Debug|Any CPU = Debug|Any CPU
		Debug|Mixed Platforms = Debug|Mixed Platforms
		Debug|x64 = Debug|x64
		Debug|x86 = Debug|x86
		Release|Any CPU = Release|Any CPU
		Release|Mixed Platforms = Release|Mixed Platforms
		Release|x64 = Release|x64
		Release|x86 = Release|x86
	EndGlobalSection
	GlobalSection(ProjectConfigurationPlatforms) = postSolution
		{519F484A-16C4-4589-AEB9-0D38D25CE2DD}.Debug|Any CPU.ActiveCfg = Debug|Any CPU
		{519F484A-16C4-4589-AEB9-0D38D25CE2DD}.Debug|Any CPU.Build.0 = Debug|Any CPU
		{519F484A-16C4-4589-AEB9-0D38D25CE2DD}.Debug|Mixed Platforms.ActiveCfg = Debug|x86
		{519F484A-16C4-4589-AEB9-0D38D25CE2DD}.Debug|Mixed Platforms.Build.0 = Debug|x86
		{519F484A-16C4-4589-AEB9-0D38D25CE2DD}.Debug|x64.ActiveCfg = Debug|Any CPU
		{519F484A-16C4-4589-AEB9-0D38D25CE2DD}.Debug|x86.ActiveCfg = Debug|x86
		{519F484A-16C4-4589-AEB9-0D38D25CE2DD}.Debug|x86.Build.0 = Debug|x86
		{519F484A-16C4-4589-AEB9-0D38D25CE2DD}.Release|Any CPU.ActiveCfg = Release|Any CPU
		{519F484A-16C4-4589-AEB9-0D38D25CE2DD}.Release|Any CPU.Build.0 = Release|Any CPU
		{519F484A-16C4-4589-AEB9-0D38D25CE2DD}.Release|Mixed Platforms.ActiveCfg = Release|x86
		{519F484A-16C4-4589-AEB9-0D38D25CE2DD}.Release|Mixed Platforms.Build.0 = Release|x86
		{519F484A-16C4-4589-AEB9-0D38D25CE2DD}.Release|x64.ActiveCfg = Release|Any CPU
		{519F484A-16C4-4589-AEB9-0D38D25CE2DD}.Release|x86.ActiveCfg = Release|x86
		{519F484A-16C4-4589-AEB9-0D38D25CE2DD}.Release|x86.Build.0 = Release|x86
		{CCB37F75-4598-4E94-9675-4A3958D34F9C}.Debug|Any CPU.ActiveCfg = Debug|Any CPU
		{CCB37F75-4598-4E94-9675-4A3958D34F9C}.Debug|Any CPU.Build.0 = Debug|Any CPU
		{CCB37F75-4598-4E94-9675-4A3958D34F9C}.Debug|Mixed Platforms.ActiveCfg = Debug|x86
		{CCB37F75-4598-4E94-9675-4A3958D34F9C}.Debug|Mixed Platforms.Build.0 = Debug|x86
		{CCB37F75-4598-4E94-9675-4A3958D34F9C}.Debug|x64.ActiveCfg = Debug|Any CPU
		{CCB37F75-4598-4E94-9675-4A3958D34F9C}.Debug|x86.ActiveCfg = Debug|x86
		{CCB37F75-4598-4E94-9675-4A3958D34F9C}.Debug|x86.Build.0 = Debug|x86
		{CCB37F75-4598-4E94-9675-4A3958D34F9C}.Release|Any CPU.ActiveCfg = Release|Any CPU
		{CCB37F75-4598-4E94-9675-4A3958D34F9C}.Release|Any CPU.Build.0 = Release|Any CPU
		{CCB37F75-4598-4E94-9675-4A3958D34F9C}.Release|Mixed Platforms.ActiveCfg = Release|x86
		{CCB37F75-4598-4E94-9675-4A3958D34F9C}.Release|Mixed Platforms.Build.0 = Release|x86
		{CCB37F75-4598-4E94-9675-4A3958D34F9C}.Release|x64.ActiveCfg = Release|Any CPU
		{CCB37F75-4598-4E94-9675-4A3958D34F9C}.Release|x86.ActiveCfg = Release|x86
		{CCB37F75-4598-4E94-9675-4A3958D34F9C}.Release|x86.Build.0 = Release|x86
		{285E9B60-E130-48FF-ACC2-0A4669858A05}.Debug|Any CPU.ActiveCfg = Debug|Any CPU
		{285E9B60-E130-48FF-ACC2-0A4669858A05}.Debug|Any CPU.Build.0 = Debug|Any CPU
		{285E9B60-E130-48FF-ACC2-0A4669858A05}.Debug|Mixed Platforms.ActiveCfg = Debug|x86
		{285E9B60-E130-48FF-ACC2-0A4669858A05}.Debug|Mixed Platforms.Build.0 = Debug|x86
		{285E9B60-E130-48FF-ACC2-0A4669858A05}.Debug|x64.ActiveCfg = Debug|Any CPU
		{285E9B60-E130-48FF-ACC2-0A4669858A05}.Debug|x86.ActiveCfg = Debug|x86
		{285E9B60-E130-48FF-ACC2-0A4669858A05}.Debug|x86.Build.0 = Debug|x86
		{285E9B60-E130-48FF-ACC2-0A4669858A05}.Release|Any CPU.ActiveCfg = Release|Any CPU
		{285E9B60-E130-48FF-ACC2-0A4669858A05}.Release|Any CPU.Build.0 = Release|Any CPU
		{285E9B60-E130-48FF-ACC2-0A4669858A05}.Release|Mixed Platforms.ActiveCfg = Release|x86
		{285E9B60-E130-48FF-ACC2-0A4669858A05}.Release|Mixed Platforms.Build.0 = Release|x86
		{285E9B60-E130-48FF-ACC2-0A4669858A05}.Release|x64.ActiveCfg = Release|Any CPU
		{285E9B60-E130-48FF-ACC2-0A4669858A05}.Release|x86.ActiveCfg = Release|x86
		{285E9B60-E130-48FF-ACC2-0A4669858A05}.Release|x86.Build.0 = Release|x86
		{30578BB0-7E86-4BC0-98B8-2320229D05B4}.Debug|Any CPU.ActiveCfg = Debug|Any CPU
		{30578BB0-7E86-4BC0-98B8-2320229D05B4}.Debug|Any CPU.Build.0 = Debug|Any CPU
		{30578BB0-7E86-4BC0-98B8-2320229D05B4}.Debug|Mixed Platforms.ActiveCfg = Debug|x86
		{30578BB0-7E86-4BC0-98B8-2320229D05B4}.Debug|Mixed Platforms.Build.0 = Debug|x86
		{30578BB0-7E86-4BC0-98B8-2320229D05B4}.Debug|x64.ActiveCfg = Debug|Any CPU
		{30578BB0-7E86-4BC0-98B8-2320229D05B4}.Debug|x86.ActiveCfg = Debug|x86
		{30578BB0-7E86-4BC0-98B8-2320229D05B4}.Debug|x86.Build.0 = Debug|x86
		{30578BB0-7E86-4BC0-98B8-2320229D05B4}.Release|Any CPU.ActiveCfg = Release|Any CPU
		{30578BB0-7E86-4BC0-98B8-2320229D05B4}.Release|Any CPU.Build.0 = Release|Any CPU
		{30578BB0-7E86-4BC0-98B8-2320229D05B4}.Release|Mixed Platforms.ActiveCfg = Release|x86
		{30578BB0-7E86-4BC0-98B8-2320229D05B4}.Release|Mixed Platforms.Build.0 = Release|x86
		{30578BB0-7E86-4BC0-98B8-2320229D05B4}.Release|x64.ActiveCfg = Release|Any CPU
		{30578BB0-7E86-4BC0-98B8-2320229D05B4}.Release|x86.ActiveCfg = Release|x86
		{30578BB0-7E86-4BC0-98B8-2320229D05B4}.Release|x86.Build.0 = Release|x86
		{4DAC67C4-1F3F-4D51-8A11-A9AD7FEF7C4E}.Debug|Any CPU.ActiveCfg = Debug|Any CPU
		{4DAC67C4-1F3F-4D51-8A11-A9AD7FEF7C4E}.Debug|Any CPU.Build.0 = Debug|Any CPU
		{4DAC67C4-1F3F-4D51-8A11-A9AD7FEF7C4E}.Debug|Mixed Platforms.ActiveCfg = Debug|x86
		{4DAC67C4-1F3F-4D51-8A11-A9AD7FEF7C4E}.Debug|Mixed Platforms.Build.0 = Debug|x86
		{4DAC67C4-1F3F-4D51-8A11-A9AD7FEF7C4E}.Debug|x64.ActiveCfg = Debug|Any CPU
		{4DAC67C4-1F3F-4D51-8A11-A9AD7FEF7C4E}.Debug|x86.ActiveCfg = Debug|x86
		{4DAC67C4-1F3F-4D51-8A11-A9AD7FEF7C4E}.Debug|x86.Build.0 = Debug|x86
		{4DAC67C4-1F3F-4D51-8A11-A9AD7FEF7C4E}.Release|Any CPU.ActiveCfg = Release|Any CPU
		{4DAC67C4-1F3F-4D51-8A11-A9AD7FEF7C4E}.Release|Any CPU.Build.0 = Release|Any CPU
		{4DAC67C4-1F3F-4D51-8A11-A9AD7FEF7C4E}.Release|Mixed Platforms.ActiveCfg = Release|x86
		{4DAC67C4-1F3F-4D51-8A11-A9AD7FEF7C4E}.Release|Mixed Platforms.Build.0 = Release|x86
		{4DAC67C4-1F3F-4D51-8A11-A9AD7FEF7C4E}.Release|x64.ActiveCfg = Release|Any CPU
		{4DAC67C4-1F3F-4D51-8A11-A9AD7FEF7C4E}.Release|x86.ActiveCfg = Release|x86
		{4DAC67C4-1F3F-4D51-8A11-A9AD7FEF7C4E}.Release|x86.Build.0 = Release|x86
		{BA4DF702-158E-4BC6-9533-D526BF4375A9}.Debug|Any CPU.ActiveCfg = Debug|Any CPU
		{BA4DF702-158E-4BC6-9533-D526BF4375A9}.Debug|Any CPU.Build.0 = Debug|Any CPU
		{BA4DF702-158E-4BC6-9533-D526BF4375A9}.Debug|Mixed Platforms.ActiveCfg = Debug|x86
		{BA4DF702-158E-4BC6-9533-D526BF4375A9}.Debug|Mixed Platforms.Build.0 = Debug|x86
		{BA4DF702-158E-4BC6-9533-D526BF4375A9}.Debug|x64.ActiveCfg = Debug|Any CPU
		{BA4DF702-158E-4BC6-9533-D526BF4375A9}.Debug|x86.ActiveCfg = Debug|x86
		{BA4DF702-158E-4BC6-9533-D526BF4375A9}.Debug|x86.Build.0 = Debug|x86
		{BA4DF702-158E-4BC6-9533-D526BF4375A9}.Release|Any CPU.ActiveCfg = Release|Any CPU
		{BA4DF702-158E-4BC6-9533-D526BF4375A9}.Release|Any CPU.Build.0 = Release|Any CPU
		{BA4DF702-158E-4BC6-9533-D526BF4375A9}.Release|Mixed Platforms.ActiveCfg = Release|x86
		{BA4DF702-158E-4BC6-9533-D526BF4375A9}.Release|Mixed Platforms.Build.0 = Release|x86
		{BA4DF702-158E-4BC6-9533-D526BF4375A9}.Release|x64.ActiveCfg = Release|Any CPU
		{BA4DF702-158E-4BC6-9533-D526BF4375A9}.Release|x86.ActiveCfg = Release|x86
		{BA4DF702-158E-4BC6-9533-D526BF4375A9}.Release|x86.Build.0 = Release|x86
		{68771E80-9703-4D01-922D-32C85AAE55C2}.Debug|Any CPU.ActiveCfg = Debug|Any CPU
		{68771E80-9703-4D01-922D-32C85AAE55C2}.Debug|Any CPU.Build.0 = Debug|Any CPU
		{68771E80-9703-4D01-922D-32C85AAE55C2}.Debug|Mixed Platforms.ActiveCfg = Debug|x86
		{68771E80-9703-4D01-922D-32C85AAE55C2}.Debug|Mixed Platforms.Build.0 = Debug|x86
		{68771E80-9703-4D01-922D-32C85AAE55C2}.Debug|x64.ActiveCfg = Debug|Any CPU
		{68771E80-9703-4D01-922D-32C85AAE55C2}.Debug|x86.ActiveCfg = Debug|x86
		{68771E80-9703-4D01-922D-32C85AAE55C2}.Debug|x86.Build.0 = Debug|x86
		{68771E80-9703-4D01-922D-32C85AAE55C2}.Release|Any CPU.ActiveCfg = Release|Any CPU
		{68771E80-9703-4D01-922D-32C85AAE55C2}.Release|Any CPU.Build.0 = Release|Any CPU
		{68771E80-9703-4D01-922D-32C85AAE55C2}.Release|Mixed Platforms.ActiveCfg = Release|x86
		{68771E80-9703-4D01-922D-32C85AAE55C2}.Release|Mixed Platforms.Build.0 = Release|x86
		{68771E80-9703-4D01-922D-32C85AAE55C2}.Release|x64.ActiveCfg = Release|Any CPU
		{68771E80-9703-4D01-922D-32C85AAE55C2}.Release|x86.ActiveCfg = Release|x86
		{68771E80-9703-4D01-922D-32C85AAE55C2}.Release|x86.Build.0 = Release|x86
		{0C82C383-6BAA-466A-B518-DBA234D27B74}.Debug|Any CPU.ActiveCfg = Debug|Any CPU
		{0C82C383-6BAA-466A-B518-DBA234D27B74}.Debug|Any CPU.Build.0 = Debug|Any CPU
		{0C82C383-6BAA-466A-B518-DBA234D27B74}.Debug|Mixed Platforms.ActiveCfg = Debug|x86
		{0C82C383-6BAA-466A-B518-DBA234D27B74}.Debug|Mixed Platforms.Build.0 = Debug|x86
		{0C82C383-6BAA-466A-B518-DBA234D27B74}.Debug|x64.ActiveCfg = Debug|Any CPU
		{0C82C383-6BAA-466A-B518-DBA234D27B74}.Debug|x86.ActiveCfg = Debug|x86
		{0C82C383-6BAA-466A-B518-DBA234D27B74}.Debug|x86.Build.0 = Debug|x86
		{0C82C383-6BAA-466A-B518-DBA234D27B74}.Release|Any CPU.ActiveCfg = Release|Any CPU
		{0C82C383-6BAA-466A-B518-DBA234D27B74}.Release|Any CPU.Build.0 = Release|Any CPU
		{0C82C383-6BAA-466A-B518-DBA234D27B74}.Release|Mixed Platforms.ActiveCfg = Release|x86
		{0C82C383-6BAA-466A-B518-DBA234D27B74}.Release|Mixed Platforms.Build.0 = Release|x86
		{0C82C383-6BAA-466A-B518-DBA234D27B74}.Release|x64.ActiveCfg = Release|Any CPU
		{0C82C383-6BAA-466A-B518-DBA234D27B74}.Release|x86.ActiveCfg = Release|x86
		{0C82C383-6BAA-466A-B518-DBA234D27B74}.Release|x86.Build.0 = Release|x86
		{D0F506FB-426B-43F4-8CDF-F723977B065D}.Debug|Any CPU.ActiveCfg = Debug|Any CPU
		{D0F506FB-426B-43F4-8CDF-F723977B065D}.Debug|Any CPU.Build.0 = Debug|Any CPU
		{D0F506FB-426B-43F4-8CDF-F723977B065D}.Debug|Mixed Platforms.ActiveCfg = Debug|x86
		{D0F506FB-426B-43F4-8CDF-F723977B065D}.Debug|Mixed Platforms.Build.0 = Debug|x86
		{D0F506FB-426B-43F4-8CDF-F723977B065D}.Debug|x64.ActiveCfg = Debug|Any CPU
		{D0F506FB-426B-43F4-8CDF-F723977B065D}.Debug|x86.ActiveCfg = Debug|x86
		{D0F506FB-426B-43F4-8CDF-F723977B065D}.Debug|x86.Build.0 = Debug|x86
		{D0F506FB-426B-43F4-8CDF-F723977B065D}.Release|Any CPU.ActiveCfg = Release|Any CPU
		{D0F506FB-426B-43F4-8CDF-F723977B065D}.Release|Any CPU.Build.0 = Release|Any CPU
		{D0F506FB-426B-43F4-8CDF-F723977B065D}.Release|Mixed Platforms.ActiveCfg = Release|x64
		{D0F506FB-426B-43F4-8CDF-F723977B065D}.Release|Mixed Platforms.Build.0 = Release|x64
		{D0F506FB-426B-43F4-8CDF-F723977B065D}.Release|x64.ActiveCfg = Release|Any CPU
		{D0F506FB-426B-43F4-8CDF-F723977B065D}.Release|x86.ActiveCfg = Release|x86
		{D0F506FB-426B-43F4-8CDF-F723977B065D}.Release|x86.Build.0 = Release|x86
		{2DBFE3F4-A7C1-46BC-A802-C07951ECDA62}.Debug|Any CPU.ActiveCfg = Debug|Any CPU
		{2DBFE3F4-A7C1-46BC-A802-C07951ECDA62}.Debug|Any CPU.Build.0 = Debug|Any CPU
		{2DBFE3F4-A7C1-46BC-A802-C07951ECDA62}.Debug|Mixed Platforms.ActiveCfg = Debug|x86
		{2DBFE3F4-A7C1-46BC-A802-C07951ECDA62}.Debug|Mixed Platforms.Build.0 = Debug|x86
		{2DBFE3F4-A7C1-46BC-A802-C07951ECDA62}.Debug|x64.ActiveCfg = Debug|Any CPU
		{2DBFE3F4-A7C1-46BC-A802-C07951ECDA62}.Debug|x86.ActiveCfg = Debug|x86
		{2DBFE3F4-A7C1-46BC-A802-C07951ECDA62}.Debug|x86.Build.0 = Debug|x86
		{2DBFE3F4-A7C1-46BC-A802-C07951ECDA62}.Release|Any CPU.ActiveCfg = Release|Any CPU
		{2DBFE3F4-A7C1-46BC-A802-C07951ECDA62}.Release|Any CPU.Build.0 = Release|Any CPU
		{2DBFE3F4-A7C1-46BC-A802-C07951ECDA62}.Release|Mixed Platforms.ActiveCfg = Release|x86
		{2DBFE3F4-A7C1-46BC-A802-C07951ECDA62}.Release|Mixed Platforms.Build.0 = Release|x86
		{2DBFE3F4-A7C1-46BC-A802-C07951ECDA62}.Release|x64.ActiveCfg = Release|Any CPU
		{2DBFE3F4-A7C1-46BC-A802-C07951ECDA62}.Release|x86.ActiveCfg = Release|x86
		{2DBFE3F4-A7C1-46BC-A802-C07951ECDA62}.Release|x86.Build.0 = Release|x86
		{7A26DB29-DB32-4C77-9F8B-C7A5CCEE284E}.Debug|Any CPU.ActiveCfg = Debug|Any CPU
		{7A26DB29-DB32-4C77-9F8B-C7A5CCEE284E}.Debug|Any CPU.Build.0 = Debug|Any CPU
		{7A26DB29-DB32-4C77-9F8B-C7A5CCEE284E}.Debug|Mixed Platforms.ActiveCfg = Debug|x86
		{7A26DB29-DB32-4C77-9F8B-C7A5CCEE284E}.Debug|Mixed Platforms.Build.0 = Debug|x86
		{7A26DB29-DB32-4C77-9F8B-C7A5CCEE284E}.Debug|x64.ActiveCfg = Debug|Any CPU
		{7A26DB29-DB32-4C77-9F8B-C7A5CCEE284E}.Debug|x86.ActiveCfg = Debug|x86
		{7A26DB29-DB32-4C77-9F8B-C7A5CCEE284E}.Debug|x86.Build.0 = Debug|x86
		{7A26DB29-DB32-4C77-9F8B-C7A5CCEE284E}.Release|Any CPU.ActiveCfg = Release|Any CPU
		{7A26DB29-DB32-4C77-9F8B-C7A5CCEE284E}.Release|Any CPU.Build.0 = Release|Any CPU
		{7A26DB29-DB32-4C77-9F8B-C7A5CCEE284E}.Release|Mixed Platforms.ActiveCfg = Release|x86
		{7A26DB29-DB32-4C77-9F8B-C7A5CCEE284E}.Release|Mixed Platforms.Build.0 = Release|x86
		{7A26DB29-DB32-4C77-9F8B-C7A5CCEE284E}.Release|x64.ActiveCfg = Release|Any CPU
		{7A26DB29-DB32-4C77-9F8B-C7A5CCEE284E}.Release|x86.ActiveCfg = Release|x86
		{7A26DB29-DB32-4C77-9F8B-C7A5CCEE284E}.Release|x86.Build.0 = Release|x86
		{DCC7738E-6C36-43E9-BF46-5D0B75537F18}.Debug|Any CPU.ActiveCfg = Debug|Any CPU
		{DCC7738E-6C36-43E9-BF46-5D0B75537F18}.Debug|Any CPU.Build.0 = Debug|Any CPU
		{DCC7738E-6C36-43E9-BF46-5D0B75537F18}.Debug|Mixed Platforms.ActiveCfg = Debug|x86
		{DCC7738E-6C36-43E9-BF46-5D0B75537F18}.Debug|Mixed Platforms.Build.0 = Debug|x86
		{DCC7738E-6C36-43E9-BF46-5D0B75537F18}.Debug|x64.ActiveCfg = Debug|Any CPU
		{DCC7738E-6C36-43E9-BF46-5D0B75537F18}.Debug|x86.ActiveCfg = Debug|x86
		{DCC7738E-6C36-43E9-BF46-5D0B75537F18}.Debug|x86.Build.0 = Debug|x86
		{DCC7738E-6C36-43E9-BF46-5D0B75537F18}.Release|Any CPU.ActiveCfg = Release|Any CPU
		{DCC7738E-6C36-43E9-BF46-5D0B75537F18}.Release|Any CPU.Build.0 = Release|Any CPU
		{DCC7738E-6C36-43E9-BF46-5D0B75537F18}.Release|Mixed Platforms.ActiveCfg = Release|x86
		{DCC7738E-6C36-43E9-BF46-5D0B75537F18}.Release|Mixed Platforms.Build.0 = Release|x86
		{DCC7738E-6C36-43E9-BF46-5D0B75537F18}.Release|x64.ActiveCfg = Release|Any CPU
		{DCC7738E-6C36-43E9-BF46-5D0B75537F18}.Release|x86.ActiveCfg = Release|x86
		{DCC7738E-6C36-43E9-BF46-5D0B75537F18}.Release|x86.Build.0 = Release|x86
		{091A45B0-A17F-4959-85BD-0380671B5677}.Debug|Any CPU.ActiveCfg = Debug|Any CPU
		{091A45B0-A17F-4959-85BD-0380671B5677}.Debug|Any CPU.Build.0 = Debug|Any CPU
		{091A45B0-A17F-4959-85BD-0380671B5677}.Debug|Mixed Platforms.ActiveCfg = Debug|x86
		{091A45B0-A17F-4959-85BD-0380671B5677}.Debug|Mixed Platforms.Build.0 = Debug|x86
		{091A45B0-A17F-4959-85BD-0380671B5677}.Debug|x64.ActiveCfg = Debug|Any CPU
		{091A45B0-A17F-4959-85BD-0380671B5677}.Debug|x86.ActiveCfg = Debug|x86
		{091A45B0-A17F-4959-85BD-0380671B5677}.Debug|x86.Build.0 = Debug|x86
		{091A45B0-A17F-4959-85BD-0380671B5677}.Release|Any CPU.ActiveCfg = Release|Any CPU
		{091A45B0-A17F-4959-85BD-0380671B5677}.Release|Any CPU.Build.0 = Release|Any CPU
		{091A45B0-A17F-4959-85BD-0380671B5677}.Release|Mixed Platforms.ActiveCfg = Release|x86
		{091A45B0-A17F-4959-85BD-0380671B5677}.Release|Mixed Platforms.Build.0 = Release|x86
		{091A45B0-A17F-4959-85BD-0380671B5677}.Release|x64.ActiveCfg = Release|Any CPU
		{091A45B0-A17F-4959-85BD-0380671B5677}.Release|x86.ActiveCfg = Release|x86
		{091A45B0-A17F-4959-85BD-0380671B5677}.Release|x86.Build.0 = Release|x86
		{0245BB15-7CA5-418F-9BD6-E4E1B8D8776B}.Debug|Any CPU.ActiveCfg = Debug|Any CPU
		{0245BB15-7CA5-418F-9BD6-E4E1B8D8776B}.Debug|Any CPU.Build.0 = Debug|Any CPU
		{0245BB15-7CA5-418F-9BD6-E4E1B8D8776B}.Debug|Mixed Platforms.ActiveCfg = Debug|x86
		{0245BB15-7CA5-418F-9BD6-E4E1B8D8776B}.Debug|Mixed Platforms.Build.0 = Debug|x86
		{0245BB15-7CA5-418F-9BD6-E4E1B8D8776B}.Debug|x64.ActiveCfg = Debug|Any CPU
		{0245BB15-7CA5-418F-9BD6-E4E1B8D8776B}.Debug|x86.ActiveCfg = Debug|x86
		{0245BB15-7CA5-418F-9BD6-E4E1B8D8776B}.Debug|x86.Build.0 = Debug|x86
		{0245BB15-7CA5-418F-9BD6-E4E1B8D8776B}.Release|Any CPU.ActiveCfg = Release|Any CPU
		{0245BB15-7CA5-418F-9BD6-E4E1B8D8776B}.Release|Any CPU.Build.0 = Release|Any CPU
		{0245BB15-7CA5-418F-9BD6-E4E1B8D8776B}.Release|Mixed Platforms.ActiveCfg = Release|x86
		{0245BB15-7CA5-418F-9BD6-E4E1B8D8776B}.Release|Mixed Platforms.Build.0 = Release|x86
		{0245BB15-7CA5-418F-9BD6-E4E1B8D8776B}.Release|x64.ActiveCfg = Release|Any CPU
		{0245BB15-7CA5-418F-9BD6-E4E1B8D8776B}.Release|x86.ActiveCfg = Release|x86
		{0245BB15-7CA5-418F-9BD6-E4E1B8D8776B}.Release|x86.Build.0 = Release|x86
		{8DD64A35-A094-462E-9CE7-66778DE73D71}.Debug|Any CPU.ActiveCfg = Debug|Any CPU
		{8DD64A35-A094-462E-9CE7-66778DE73D71}.Debug|Any CPU.Build.0 = Debug|Any CPU
		{8DD64A35-A094-462E-9CE7-66778DE73D71}.Debug|Mixed Platforms.ActiveCfg = Debug|x86
		{8DD64A35-A094-462E-9CE7-66778DE73D71}.Debug|Mixed Platforms.Build.0 = Debug|x86
		{8DD64A35-A094-462E-9CE7-66778DE73D71}.Debug|x64.ActiveCfg = Debug|Any CPU
		{8DD64A35-A094-462E-9CE7-66778DE73D71}.Debug|x86.ActiveCfg = Debug|x86
		{8DD64A35-A094-462E-9CE7-66778DE73D71}.Debug|x86.Build.0 = Debug|x86
		{8DD64A35-A094-462E-9CE7-66778DE73D71}.Release|Any CPU.ActiveCfg = Release|Any CPU
		{8DD64A35-A094-462E-9CE7-66778DE73D71}.Release|Any CPU.Build.0 = Release|Any CPU
		{8DD64A35-A094-462E-9CE7-66778DE73D71}.Release|Mixed Platforms.ActiveCfg = Release|x86
		{8DD64A35-A094-462E-9CE7-66778DE73D71}.Release|Mixed Platforms.Build.0 = Release|x86
		{8DD64A35-A094-462E-9CE7-66778DE73D71}.Release|x64.ActiveCfg = Release|Any CPU
		{8DD64A35-A094-462E-9CE7-66778DE73D71}.Release|x86.ActiveCfg = Release|x86
		{8DD64A35-A094-462E-9CE7-66778DE73D71}.Release|x86.Build.0 = Release|x86
		{0E869DA3-709C-4593-BA7A-DF7FB6BE5990}.Debug|Any CPU.ActiveCfg = Debug|Any CPU
		{0E869DA3-709C-4593-BA7A-DF7FB6BE5990}.Debug|Any CPU.Build.0 = Debug|Any CPU
		{0E869DA3-709C-4593-BA7A-DF7FB6BE5990}.Debug|Mixed Platforms.ActiveCfg = Debug|x86
		{0E869DA3-709C-4593-BA7A-DF7FB6BE5990}.Debug|Mixed Platforms.Build.0 = Debug|x86
		{0E869DA3-709C-4593-BA7A-DF7FB6BE5990}.Debug|x64.ActiveCfg = Debug|Any CPU
		{0E869DA3-709C-4593-BA7A-DF7FB6BE5990}.Debug|x86.ActiveCfg = Debug|x86
		{0E869DA3-709C-4593-BA7A-DF7FB6BE5990}.Debug|x86.Build.0 = Debug|x86
		{0E869DA3-709C-4593-BA7A-DF7FB6BE5990}.Release|Any CPU.ActiveCfg = Release|Any CPU
		{0E869DA3-709C-4593-BA7A-DF7FB6BE5990}.Release|Any CPU.Build.0 = Release|Any CPU
		{0E869DA3-709C-4593-BA7A-DF7FB6BE5990}.Release|Mixed Platforms.ActiveCfg = Release|x86
		{0E869DA3-709C-4593-BA7A-DF7FB6BE5990}.Release|Mixed Platforms.Build.0 = Release|x86
		{0E869DA3-709C-4593-BA7A-DF7FB6BE5990}.Release|x64.ActiveCfg = Release|Any CPU
		{0E869DA3-709C-4593-BA7A-DF7FB6BE5990}.Release|x86.ActiveCfg = Release|x86
		{0E869DA3-709C-4593-BA7A-DF7FB6BE5990}.Release|x86.Build.0 = Release|x86
		{A6414C47-5CD7-4891-A78E-CF626FECADA9}.Debug|Any CPU.ActiveCfg = Debug|Any CPU
		{A6414C47-5CD7-4891-A78E-CF626FECADA9}.Debug|Any CPU.Build.0 = Debug|Any CPU
		{A6414C47-5CD7-4891-A78E-CF626FECADA9}.Debug|Mixed Platforms.ActiveCfg = Debug|x86
		{A6414C47-5CD7-4891-A78E-CF626FECADA9}.Debug|Mixed Platforms.Build.0 = Debug|x86
		{A6414C47-5CD7-4891-A78E-CF626FECADA9}.Debug|x64.ActiveCfg = Debug|Any CPU
		{A6414C47-5CD7-4891-A78E-CF626FECADA9}.Debug|x86.ActiveCfg = Debug|x86
		{A6414C47-5CD7-4891-A78E-CF626FECADA9}.Debug|x86.Build.0 = Debug|x86
		{A6414C47-5CD7-4891-A78E-CF626FECADA9}.Release|Any CPU.ActiveCfg = Release|Any CPU
		{A6414C47-5CD7-4891-A78E-CF626FECADA9}.Release|Any CPU.Build.0 = Release|Any CPU
		{A6414C47-5CD7-4891-A78E-CF626FECADA9}.Release|Mixed Platforms.ActiveCfg = Release|x86
		{A6414C47-5CD7-4891-A78E-CF626FECADA9}.Release|Mixed Platforms.Build.0 = Release|x86
		{A6414C47-5CD7-4891-A78E-CF626FECADA9}.Release|x64.ActiveCfg = Release|Any CPU
		{A6414C47-5CD7-4891-A78E-CF626FECADA9}.Release|x86.ActiveCfg = Release|x86
		{A6414C47-5CD7-4891-A78E-CF626FECADA9}.Release|x86.Build.0 = Release|x86
		{00BCC295-105F-40F9-B7CB-8C309DA53ACB}.Debug|Any CPU.ActiveCfg = Debug|Any CPU
		{00BCC295-105F-40F9-B7CB-8C309DA53ACB}.Debug|Any CPU.Build.0 = Debug|Any CPU
		{00BCC295-105F-40F9-B7CB-8C309DA53ACB}.Debug|Mixed Platforms.ActiveCfg = Debug|x86
		{00BCC295-105F-40F9-B7CB-8C309DA53ACB}.Debug|Mixed Platforms.Build.0 = Debug|x86
		{00BCC295-105F-40F9-B7CB-8C309DA53ACB}.Debug|x64.ActiveCfg = Debug|Any CPU
		{00BCC295-105F-40F9-B7CB-8C309DA53ACB}.Debug|x86.ActiveCfg = Debug|x86
		{00BCC295-105F-40F9-B7CB-8C309DA53ACB}.Debug|x86.Build.0 = Debug|x86
		{00BCC295-105F-40F9-B7CB-8C309DA53ACB}.Release|Any CPU.ActiveCfg = Release|Any CPU
		{00BCC295-105F-40F9-B7CB-8C309DA53ACB}.Release|Any CPU.Build.0 = Release|Any CPU
		{00BCC295-105F-40F9-B7CB-8C309DA53ACB}.Release|Mixed Platforms.ActiveCfg = Release|x86
		{00BCC295-105F-40F9-B7CB-8C309DA53ACB}.Release|Mixed Platforms.Build.0 = Release|x86
		{00BCC295-105F-40F9-B7CB-8C309DA53ACB}.Release|x64.ActiveCfg = Release|Any CPU
		{00BCC295-105F-40F9-B7CB-8C309DA53ACB}.Release|x86.ActiveCfg = Release|x86
		{00BCC295-105F-40F9-B7CB-8C309DA53ACB}.Release|x86.Build.0 = Release|x86
		{F0A7B927-15B3-43FB-B5B7-3A5CC67CEC78}.Debug|Any CPU.ActiveCfg = Debug|Any CPU
		{F0A7B927-15B3-43FB-B5B7-3A5CC67CEC78}.Debug|Any CPU.Build.0 = Debug|Any CPU
		{F0A7B927-15B3-43FB-B5B7-3A5CC67CEC78}.Debug|Mixed Platforms.ActiveCfg = Debug|x86
		{F0A7B927-15B3-43FB-B5B7-3A5CC67CEC78}.Debug|Mixed Platforms.Build.0 = Debug|x86
		{F0A7B927-15B3-43FB-B5B7-3A5CC67CEC78}.Debug|x64.ActiveCfg = Debug|Any CPU
		{F0A7B927-15B3-43FB-B5B7-3A5CC67CEC78}.Debug|x86.ActiveCfg = Debug|x86
		{F0A7B927-15B3-43FB-B5B7-3A5CC67CEC78}.Debug|x86.Build.0 = Debug|x86
		{F0A7B927-15B3-43FB-B5B7-3A5CC67CEC78}.Release|Any CPU.ActiveCfg = Release|Any CPU
		{F0A7B927-15B3-43FB-B5B7-3A5CC67CEC78}.Release|Any CPU.Build.0 = Release|Any CPU
		{F0A7B927-15B3-43FB-B5B7-3A5CC67CEC78}.Release|Mixed Platforms.ActiveCfg = Release|x86
		{F0A7B927-15B3-43FB-B5B7-3A5CC67CEC78}.Release|Mixed Platforms.Build.0 = Release|x86
		{F0A7B927-15B3-43FB-B5B7-3A5CC67CEC78}.Release|x64.ActiveCfg = Release|Any CPU
		{F0A7B927-15B3-43FB-B5B7-3A5CC67CEC78}.Release|x86.ActiveCfg = Release|x86
		{F0A7B927-15B3-43FB-B5B7-3A5CC67CEC78}.Release|x86.Build.0 = Release|x86
		{E0488FDC-8E77-408E-85EA-2022C316AA10}.Debug|Any CPU.ActiveCfg = Debug|Any CPU
		{E0488FDC-8E77-408E-85EA-2022C316AA10}.Debug|Any CPU.Build.0 = Debug|Any CPU
		{E0488FDC-8E77-408E-85EA-2022C316AA10}.Debug|Mixed Platforms.ActiveCfg = Debug|x86
		{E0488FDC-8E77-408E-85EA-2022C316AA10}.Debug|Mixed Platforms.Build.0 = Debug|x86
		{E0488FDC-8E77-408E-85EA-2022C316AA10}.Debug|x64.ActiveCfg = Debug|Any CPU
		{E0488FDC-8E77-408E-85EA-2022C316AA10}.Debug|x86.ActiveCfg = Debug|x86
		{E0488FDC-8E77-408E-85EA-2022C316AA10}.Debug|x86.Build.0 = Debug|x86
		{E0488FDC-8E77-408E-85EA-2022C316AA10}.Release|Any CPU.ActiveCfg = Release|Any CPU
		{E0488FDC-8E77-408E-85EA-2022C316AA10}.Release|Any CPU.Build.0 = Release|Any CPU
		{E0488FDC-8E77-408E-85EA-2022C316AA10}.Release|Mixed Platforms.ActiveCfg = Release|x86
		{E0488FDC-8E77-408E-85EA-2022C316AA10}.Release|Mixed Platforms.Build.0 = Release|x86
		{E0488FDC-8E77-408E-85EA-2022C316AA10}.Release|x64.ActiveCfg = Release|Any CPU
		{E0488FDC-8E77-408E-85EA-2022C316AA10}.Release|x86.ActiveCfg = Release|x86
		{E0488FDC-8E77-408E-85EA-2022C316AA10}.Release|x86.Build.0 = Release|x86
		{D50F8E00-4006-436A-8533-88209763DA3E}.Debug|Any CPU.ActiveCfg = Debug|Any CPU
		{D50F8E00-4006-436A-8533-88209763DA3E}.Debug|Any CPU.Build.0 = Debug|Any CPU
		{D50F8E00-4006-436A-8533-88209763DA3E}.Debug|Mixed Platforms.ActiveCfg = Debug|x86
		{D50F8E00-4006-436A-8533-88209763DA3E}.Debug|Mixed Platforms.Build.0 = Debug|x86
		{D50F8E00-4006-436A-8533-88209763DA3E}.Debug|x64.ActiveCfg = Debug|x64
		{D50F8E00-4006-436A-8533-88209763DA3E}.Debug|x64.Build.0 = Debug|x64
		{D50F8E00-4006-436A-8533-88209763DA3E}.Debug|x86.ActiveCfg = Debug|x86
		{D50F8E00-4006-436A-8533-88209763DA3E}.Debug|x86.Build.0 = Debug|x86
		{D50F8E00-4006-436A-8533-88209763DA3E}.Release|Any CPU.ActiveCfg = Release|Any CPU
		{D50F8E00-4006-436A-8533-88209763DA3E}.Release|Any CPU.Build.0 = Release|Any CPU
		{D50F8E00-4006-436A-8533-88209763DA3E}.Release|Mixed Platforms.ActiveCfg = Release|x86
		{D50F8E00-4006-436A-8533-88209763DA3E}.Release|Mixed Platforms.Build.0 = Release|x86
		{D50F8E00-4006-436A-8533-88209763DA3E}.Release|x64.ActiveCfg = Release|x64
		{D50F8E00-4006-436A-8533-88209763DA3E}.Release|x64.Build.0 = Release|x64
		{D50F8E00-4006-436A-8533-88209763DA3E}.Release|x86.ActiveCfg = Release|x86
		{D50F8E00-4006-436A-8533-88209763DA3E}.Release|x86.Build.0 = Release|x86
		{07EF1535-CC66-4535-99F6-98D99AB1A160}.Debug|Any CPU.ActiveCfg = Debug|Any CPU
		{07EF1535-CC66-4535-99F6-98D99AB1A160}.Debug|Any CPU.Build.0 = Debug|Any CPU
		{07EF1535-CC66-4535-99F6-98D99AB1A160}.Debug|Mixed Platforms.ActiveCfg = Debug|Any CPU
		{07EF1535-CC66-4535-99F6-98D99AB1A160}.Debug|Mixed Platforms.Build.0 = Debug|Any CPU
		{07EF1535-CC66-4535-99F6-98D99AB1A160}.Debug|x64.ActiveCfg = Debug|Any CPU
		{07EF1535-CC66-4535-99F6-98D99AB1A160}.Debug|x86.ActiveCfg = Debug|Any CPU
		{07EF1535-CC66-4535-99F6-98D99AB1A160}.Release|Any CPU.ActiveCfg = Release|Any CPU
		{07EF1535-CC66-4535-99F6-98D99AB1A160}.Release|Mixed Platforms.ActiveCfg = Release|Any CPU
		{07EF1535-CC66-4535-99F6-98D99AB1A160}.Release|Mixed Platforms.Build.0 = Release|Any CPU
		{07EF1535-CC66-4535-99F6-98D99AB1A160}.Release|x64.ActiveCfg = Release|Any CPU
		{07EF1535-CC66-4535-99F6-98D99AB1A160}.Release|x86.ActiveCfg = Release|Any CPU
		{3A936345-4219-4E01-918D-55EEF7493096}.Debug|Any CPU.ActiveCfg = Debug|Any CPU
		{3A936345-4219-4E01-918D-55EEF7493096}.Debug|Any CPU.Build.0 = Debug|Any CPU
		{3A936345-4219-4E01-918D-55EEF7493096}.Debug|Mixed Platforms.ActiveCfg = Debug|Any CPU
		{3A936345-4219-4E01-918D-55EEF7493096}.Debug|Mixed Platforms.Build.0 = Debug|Any CPU
		{3A936345-4219-4E01-918D-55EEF7493096}.Debug|x64.ActiveCfg = Debug|Any CPU
		{3A936345-4219-4E01-918D-55EEF7493096}.Debug|x86.ActiveCfg = Debug|Any CPU
		{3A936345-4219-4E01-918D-55EEF7493096}.Release|Any CPU.ActiveCfg = Release|Any CPU
		{3A936345-4219-4E01-918D-55EEF7493096}.Release|Mixed Platforms.ActiveCfg = Release|Any CPU
		{3A936345-4219-4E01-918D-55EEF7493096}.Release|Mixed Platforms.Build.0 = Release|Any CPU
		{3A936345-4219-4E01-918D-55EEF7493096}.Release|x64.ActiveCfg = Release|Any CPU
		{3A936345-4219-4E01-918D-55EEF7493096}.Release|x86.ActiveCfg = Release|Any CPU
		{BDDB5C91-F924-40F7-98DB-F3C3BB426AFE}.Debug|Any CPU.ActiveCfg = Debug
		{BDDB5C91-F924-40F7-98DB-F3C3BB426AFE}.Debug|Mixed Platforms.ActiveCfg = Debug
		{BDDB5C91-F924-40F7-98DB-F3C3BB426AFE}.Debug|Mixed Platforms.Build.0 = Debug
		{BDDB5C91-F924-40F7-98DB-F3C3BB426AFE}.Debug|x64.ActiveCfg = Debug
		{BDDB5C91-F924-40F7-98DB-F3C3BB426AFE}.Debug|x86.ActiveCfg = Debug
		{BDDB5C91-F924-40F7-98DB-F3C3BB426AFE}.Release|Any CPU.ActiveCfg = Release
		{BDDB5C91-F924-40F7-98DB-F3C3BB426AFE}.Release|Mixed Platforms.ActiveCfg = Release
		{BDDB5C91-F924-40F7-98DB-F3C3BB426AFE}.Release|Mixed Platforms.Build.0 = Release
		{BDDB5C91-F924-40F7-98DB-F3C3BB426AFE}.Release|x64.ActiveCfg = Release
		{BDDB5C91-F924-40F7-98DB-F3C3BB426AFE}.Release|x86.ActiveCfg = Release
		{3F8D7575-4B87-4047-A923-A21B8746C1BB}.Debug|Any CPU.ActiveCfg = Debug|Any CPU
		{3F8D7575-4B87-4047-A923-A21B8746C1BB}.Debug|Any CPU.Build.0 = Debug|Any CPU
		{3F8D7575-4B87-4047-A923-A21B8746C1BB}.Debug|Mixed Platforms.ActiveCfg = Debug|Any CPU
		{3F8D7575-4B87-4047-A923-A21B8746C1BB}.Debug|Mixed Platforms.Build.0 = Debug|Any CPU
		{3F8D7575-4B87-4047-A923-A21B8746C1BB}.Debug|x64.ActiveCfg = Debug|x86
		{3F8D7575-4B87-4047-A923-A21B8746C1BB}.Debug|x86.ActiveCfg = Debug|x86
		{3F8D7575-4B87-4047-A923-A21B8746C1BB}.Debug|x86.Build.0 = Debug|x86
		{3F8D7575-4B87-4047-A923-A21B8746C1BB}.Release|Any CPU.ActiveCfg = Release|Any CPU
		{3F8D7575-4B87-4047-A923-A21B8746C1BB}.Release|Any CPU.Build.0 = Release|Any CPU
		{3F8D7575-4B87-4047-A923-A21B8746C1BB}.Release|Mixed Platforms.ActiveCfg = Release|Any CPU
		{3F8D7575-4B87-4047-A923-A21B8746C1BB}.Release|Mixed Platforms.Build.0 = Release|Any CPU
		{3F8D7575-4B87-4047-A923-A21B8746C1BB}.Release|x64.ActiveCfg = Release|x86
		{3F8D7575-4B87-4047-A923-A21B8746C1BB}.Release|x86.ActiveCfg = Release|x86
		{3F8D7575-4B87-4047-A923-A21B8746C1BB}.Release|x86.Build.0 = Release|x86
		{9CBA2DEF-B641-4FF2-B7A8-671C3F7EFFDB}.Debug|Any CPU.ActiveCfg = Debug|Any CPU
		{9CBA2DEF-B641-4FF2-B7A8-671C3F7EFFDB}.Debug|Any CPU.Build.0 = Debug|Any CPU
		{9CBA2DEF-B641-4FF2-B7A8-671C3F7EFFDB}.Debug|Mixed Platforms.ActiveCfg = Debug|Any CPU
		{9CBA2DEF-B641-4FF2-B7A8-671C3F7EFFDB}.Debug|Mixed Platforms.Build.0 = Debug|Any CPU
		{9CBA2DEF-B641-4FF2-B7A8-671C3F7EFFDB}.Debug|x64.ActiveCfg = Debug|x86
		{9CBA2DEF-B641-4FF2-B7A8-671C3F7EFFDB}.Debug|x86.ActiveCfg = Debug|x86
		{9CBA2DEF-B641-4FF2-B7A8-671C3F7EFFDB}.Debug|x86.Build.0 = Debug|x86
		{9CBA2DEF-B641-4FF2-B7A8-671C3F7EFFDB}.Release|Any CPU.ActiveCfg = Release|Any CPU
		{9CBA2DEF-B641-4FF2-B7A8-671C3F7EFFDB}.Release|Any CPU.Build.0 = Release|Any CPU
		{9CBA2DEF-B641-4FF2-B7A8-671C3F7EFFDB}.Release|Mixed Platforms.ActiveCfg = Release|Any CPU
		{9CBA2DEF-B641-4FF2-B7A8-671C3F7EFFDB}.Release|Mixed Platforms.Build.0 = Release|Any CPU
		{9CBA2DEF-B641-4FF2-B7A8-671C3F7EFFDB}.Release|x64.ActiveCfg = Release|x86
		{9CBA2DEF-B641-4FF2-B7A8-671C3F7EFFDB}.Release|x86.ActiveCfg = Release|x86
		{9CBA2DEF-B641-4FF2-B7A8-671C3F7EFFDB}.Release|x86.Build.0 = Release|x86
		{B00CA713-5089-49B7-BF05-03DE647B3F9B}.Debug|Any CPU.ActiveCfg = Debug|Any CPU
		{B00CA713-5089-49B7-BF05-03DE647B3F9B}.Debug|Any CPU.Build.0 = Debug|Any CPU
		{B00CA713-5089-49B7-BF05-03DE647B3F9B}.Debug|Mixed Platforms.ActiveCfg = Debug|x86
		{B00CA713-5089-49B7-BF05-03DE647B3F9B}.Debug|Mixed Platforms.Build.0 = Debug|x86
		{B00CA713-5089-49B7-BF05-03DE647B3F9B}.Debug|x64.ActiveCfg = Debug|x86
		{B00CA713-5089-49B7-BF05-03DE647B3F9B}.Debug|x86.ActiveCfg = Debug|x86
		{B00CA713-5089-49B7-BF05-03DE647B3F9B}.Debug|x86.Build.0 = Debug|x86
		{B00CA713-5089-49B7-BF05-03DE647B3F9B}.Release|Any CPU.ActiveCfg = Release|Any CPU
		{B00CA713-5089-49B7-BF05-03DE647B3F9B}.Release|Any CPU.Build.0 = Release|Any CPU
		{B00CA713-5089-49B7-BF05-03DE647B3F9B}.Release|Mixed Platforms.ActiveCfg = Release|x86
		{B00CA713-5089-49B7-BF05-03DE647B3F9B}.Release|Mixed Platforms.Build.0 = Release|x86
		{B00CA713-5089-49B7-BF05-03DE647B3F9B}.Release|x64.ActiveCfg = Release|x86
		{B00CA713-5089-49B7-BF05-03DE647B3F9B}.Release|x86.ActiveCfg = Release|x86
		{B00CA713-5089-49B7-BF05-03DE647B3F9B}.Release|x86.Build.0 = Release|x86
		{AFC69DBC-5C4F-4AFD-876E-E41DBB9DB455}.Debug|Any CPU.ActiveCfg = Debug|Any CPU
		{AFC69DBC-5C4F-4AFD-876E-E41DBB9DB455}.Debug|Any CPU.Build.0 = Debug|Any CPU
		{AFC69DBC-5C4F-4AFD-876E-E41DBB9DB455}.Debug|Mixed Platforms.ActiveCfg = Debug|x86
		{AFC69DBC-5C4F-4AFD-876E-E41DBB9DB455}.Debug|Mixed Platforms.Build.0 = Debug|x86
		{AFC69DBC-5C4F-4AFD-876E-E41DBB9DB455}.Debug|x64.ActiveCfg = Debug|x86
		{AFC69DBC-5C4F-4AFD-876E-E41DBB9DB455}.Debug|x86.ActiveCfg = Debug|x86
		{AFC69DBC-5C4F-4AFD-876E-E41DBB9DB455}.Debug|x86.Build.0 = Debug|x86
		{AFC69DBC-5C4F-4AFD-876E-E41DBB9DB455}.Release|Any CPU.ActiveCfg = Release|Any CPU
		{AFC69DBC-5C4F-4AFD-876E-E41DBB9DB455}.Release|Any CPU.Build.0 = Release|Any CPU
		{AFC69DBC-5C4F-4AFD-876E-E41DBB9DB455}.Release|Mixed Platforms.ActiveCfg = Release|x86
		{AFC69DBC-5C4F-4AFD-876E-E41DBB9DB455}.Release|Mixed Platforms.Build.0 = Release|x86
		{AFC69DBC-5C4F-4AFD-876E-E41DBB9DB455}.Release|x64.ActiveCfg = Release|x86
		{AFC69DBC-5C4F-4AFD-876E-E41DBB9DB455}.Release|x86.ActiveCfg = Release|x86
		{AFC69DBC-5C4F-4AFD-876E-E41DBB9DB455}.Release|x86.Build.0 = Release|x86
		{3536BFF6-DA06-4D96-A7D6-5146A235430B}.Debug|Any CPU.ActiveCfg = Debug|Any CPU
		{3536BFF6-DA06-4D96-A7D6-5146A235430B}.Debug|Any CPU.Build.0 = Debug|Any CPU
		{3536BFF6-DA06-4D96-A7D6-5146A235430B}.Debug|Mixed Platforms.ActiveCfg = Debug|x86
		{3536BFF6-DA06-4D96-A7D6-5146A235430B}.Debug|Mixed Platforms.Build.0 = Debug|x86
		{3536BFF6-DA06-4D96-A7D6-5146A235430B}.Debug|x64.ActiveCfg = Debug|x86
		{3536BFF6-DA06-4D96-A7D6-5146A235430B}.Debug|x86.ActiveCfg = Debug|x86
		{3536BFF6-DA06-4D96-A7D6-5146A235430B}.Debug|x86.Build.0 = Debug|x86
		{3536BFF6-DA06-4D96-A7D6-5146A235430B}.Release|Any CPU.ActiveCfg = Release|Any CPU
		{3536BFF6-DA06-4D96-A7D6-5146A235430B}.Release|Any CPU.Build.0 = Release|Any CPU
		{3536BFF6-DA06-4D96-A7D6-5146A235430B}.Release|Mixed Platforms.ActiveCfg = Release|x86
		{3536BFF6-DA06-4D96-A7D6-5146A235430B}.Release|Mixed Platforms.Build.0 = Release|x86
		{3536BFF6-DA06-4D96-A7D6-5146A235430B}.Release|x64.ActiveCfg = Release|x86
		{3536BFF6-DA06-4D96-A7D6-5146A235430B}.Release|x86.ActiveCfg = Release|x86
		{3536BFF6-DA06-4D96-A7D6-5146A235430B}.Release|x86.Build.0 = Release|x86
	EndGlobalSection
	GlobalSection(SolutionProperties) = preSolution
		HideSolutionNode = FALSE
	EndGlobalSection
	GlobalSection(NestedProjects) = preSolution
		{519F484A-16C4-4589-AEB9-0D38D25CE2DD} = {341E8D96-6CCA-483E-BAE4-CE05FE060B82}
		{CCB37F75-4598-4E94-9675-4A3958D34F9C} = {341E8D96-6CCA-483E-BAE4-CE05FE060B82}
		{68771E80-9703-4D01-922D-32C85AAE55C2} = {341E8D96-6CCA-483E-BAE4-CE05FE060B82}
		{8FFA166E-472A-422C-BC98-050B0DA9D5F3} = {341E8D96-6CCA-483E-BAE4-CE05FE060B82}
		{285E9B60-E130-48FF-ACC2-0A4669858A05} = {68CC3D1E-7D2D-4875-A2E2-BAD14B267073}
		{30578BB0-7E86-4BC0-98B8-2320229D05B4} = {46B4B3A9-EFE5-4860-8A60-2716704A3539}
		{89985B21-773D-42D9-9FB1-5C82F7D4A4E5} = {46B4B3A9-EFE5-4860-8A60-2716704A3539}
		{BA4DF702-158E-4BC6-9533-D526BF4375A9} = {B83F80E9-0E1C-41AA-9D10-6B34C4C70AC3}
		{2DBFE3F4-A7C1-46BC-A802-C07951ECDA62} = {B83F80E9-0E1C-41AA-9D10-6B34C4C70AC3}
		{0E869DA3-709C-4593-BA7A-DF7FB6BE5990} = {B83F80E9-0E1C-41AA-9D10-6B34C4C70AC3}
		{A6414C47-5CD7-4891-A78E-CF626FECADA9} = {B83F80E9-0E1C-41AA-9D10-6B34C4C70AC3}
		{00BCC295-105F-40F9-B7CB-8C309DA53ACB} = {B83F80E9-0E1C-41AA-9D10-6B34C4C70AC3}
		{F0A7B927-15B3-43FB-B5B7-3A5CC67CEC78} = {B83F80E9-0E1C-41AA-9D10-6B34C4C70AC3}
		{E0488FDC-8E77-408E-85EA-2022C316AA10} = {B83F80E9-0E1C-41AA-9D10-6B34C4C70AC3}
		{D50F8E00-4006-436A-8533-88209763DA3E} = {B83F80E9-0E1C-41AA-9D10-6B34C4C70AC3}
		{B00CA713-5089-49B7-BF05-03DE647B3F9B} = {B83F80E9-0E1C-41AA-9D10-6B34C4C70AC3}
		{AFC69DBC-5C4F-4AFD-876E-E41DBB9DB455} = {B83F80E9-0E1C-41AA-9D10-6B34C4C70AC3}
		{3536BFF6-DA06-4D96-A7D6-5146A235430B} = {B83F80E9-0E1C-41AA-9D10-6B34C4C70AC3}
		{E38E8B3F-3729-4530-A1BC-1A51D68FD9DC} = {5F840C7F-2098-4133-A902-4A0CCA9AD1C0}
		{A8546195-434D-4392-9677-636B01FF4F29} = {5F840C7F-2098-4133-A902-4A0CCA9AD1C0}
		{7A26DB29-DB32-4C77-9F8B-C7A5CCEE284E} = {E38E3D07-B393-4E6E-9E8D-172E89297029}
		{DCC7738E-6C36-43E9-BF46-5D0B75537F18} = {E38E3D07-B393-4E6E-9E8D-172E89297029}
		{0245BB15-7CA5-418F-9BD6-E4E1B8D8776B} = {E38E3D07-B393-4E6E-9E8D-172E89297029}
		{4DAC67C4-1F3F-4D51-8A11-A9AD7FEF7C4E} = {E38E8B3F-3729-4530-A1BC-1A51D68FD9DC}
		{9CBA2DEF-B641-4FF2-B7A8-671C3F7EFFDB} = {E38E8B3F-3729-4530-A1BC-1A51D68FD9DC}
		{6800096E-8257-4338-831C-A7FFE52B6872} = {C048F6B6-1B1B-4D6A-AAF4-EFC5EF4159E5}
		{091A45B0-A17F-4959-85BD-0380671B5677} = {C048F6B6-1B1B-4D6A-AAF4-EFC5EF4159E5}
		{D0F506FB-426B-43F4-8CDF-F723977B065D} = {6800096E-8257-4338-831C-A7FFE52B6872}
		{8DD64A35-A094-462E-9CE7-66778DE73D71} = {6800096E-8257-4338-831C-A7FFE52B6872}
		{0C82C383-6BAA-466A-B518-DBA234D27B74} = {6800096E-8257-4338-831C-A7FFE52B6872}
		{07EF1535-CC66-4535-99F6-98D99AB1A160} = {89985B21-773D-42D9-9FB1-5C82F7D4A4E5}
		{3A936345-4219-4E01-918D-55EEF7493096} = {8FFA166E-472A-422C-BC98-050B0DA9D5F3}
		{BDDB5C91-F924-40F7-98DB-F3C3BB426AFE} = {2A8A029E-0D41-42D5-875C-B24609937989}
		{3F8D7575-4B87-4047-A923-A21B8746C1BB} = {A8546195-434D-4392-9677-636B01FF4F29}
	EndGlobalSection
EndGlobal
